// !$*UTF8*$!
{
	archiveVersion = 1;
	classes = {
	};
	objectVersion = 56;
	objects = {

/* Begin PBXBuildFile section */
		B907587B2C13479300EDC82F /* ContentView.swift in Sources */ = {isa = PBXBuildFile; fileRef = B907587A2C13479300EDC82F /* ContentView.swift */; };
		B90B2B412BE4E88400BD2042 /* FilledNavigationStackUITest.swift in Sources */ = {isa = PBXBuildFile; fileRef = B90B2B402BE4E88400BD2042 /* FilledNavigationStackUITest.swift */; };
		B90B2B432BE504A200BD2042 /* NavigationStackContentView.swift in Sources */ = {isa = PBXBuildFile; fileRef = B90B2B422BE504A200BD2042 /* NavigationStackContentView.swift */; };
		B90B2B452BE5069700BD2042 /* EmptyNavigationStackUITest.swift in Sources */ = {isa = PBXBuildFile; fileRef = B90B2B442BE5069700BD2042 /* EmptyNavigationStackUITest.swift */; };
		B90B2B472BE91AC600BD2042 /* TestHelper.swift in Sources */ = {isa = PBXBuildFile; fileRef = B90B2B462BE91AC600BD2042 /* TestHelper.swift */; };
		B90D3D0F2C19D97D00133857 /* IntervalInsightsView.swift in Sources */ = {isa = PBXBuildFile; fileRef = B90D3D0E2C19D97D00133857 /* IntervalInsightsView.swift */; };
		B91002C82CC796FF00BECF87 /* BiometricHandler.swift in Sources */ = {isa = PBXBuildFile; fileRef = B91002C72CC796FA00BECF87 /* BiometricHandler.swift */; };
		B915DC452BB4644A0018E812 /* Interval.swift in Sources */ = {isa = PBXBuildFile; fileRef = B915DC442BB4644A0018E812 /* Interval.swift */; };
		B915DC492BB46E350018E812 /* OverviewView.swift in Sources */ = {isa = PBXBuildFile; fileRef = B915DC482BB46E350018E812 /* OverviewView.swift */; };
		B915DC4F2BB479190018E812 /* Constants.swift in Sources */ = {isa = PBXBuildFile; fileRef = B915DC4E2BB479180018E812 /* Constants.swift */; };
		B919B4A22BC6AA47009B2FA4 /* EntryView.swift in Sources */ = {isa = PBXBuildFile; fileRef = B919B4A12BC6AA47009B2FA4 /* EntryView.swift */; };
		B922EBEC2CCAED5F00D51C0B /* BookingSchemaV2.swift in Sources */ = {isa = PBXBuildFile; fileRef = B922EBEB2CCAED5F00D51C0B /* BookingSchemaV2.swift */; };
		B92782C12BDD9F8000D13808 /* ContainerFactoryTests.swift in Sources */ = {isa = PBXBuildFile; fileRef = B92782C02BDD9F8000D13808 /* ContainerFactoryTests.swift */; };
		B92782C82BDD9F9D00D13808 /* ConstantsTests.swift in Sources */ = {isa = PBXBuildFile; fileRef = B92782C72BDD9F9D00D13808 /* ConstantsTests.swift */; };
		B92782CE2BDE554000D13808 /* ContentViewTests.swift in Sources */ = {isa = PBXBuildFile; fileRef = B92782CD2BDE554000D13808 /* ContentViewTests.swift */; };
		B92782D02BDE631A00D13808 /* IntervalTests.swift in Sources */ = {isa = PBXBuildFile; fileRef = B92782CF2BDE631A00D13808 /* IntervalTests.swift */; };
		B92782F32BDE779700D13808 /* BookingSenseUITests.swift in Sources */ = {isa = PBXBuildFile; fileRef = B92782F22BDE779700D13808 /* BookingSenseUITests.swift */; };
		B92782F52BDE779700D13808 /* BookingSenseUITestsLaunchTests.swift in Sources */ = {isa = PBXBuildFile; fileRef = B92782F42BDE779700D13808 /* BookingSenseUITestsLaunchTests.swift */; };
		B927D3F32CE7E7ED006B1B19 /* PurchaseHandlerViewModifier.swift in Sources */ = {isa = PBXBuildFile; fileRef = B927D3F22CE7E7CF006B1B19 /* PurchaseHandlerViewModifier.swift */; };
		B927D3F52CE7EA61006B1B19 /* PurchaseStatusTaskModifier.swift in Sources */ = {isa = PBXBuildFile; fileRef = B927D3F42CE7EA55006B1B19 /* PurchaseStatusTaskModifier.swift */; };
		B927D3F82CE7EB2F006B1B19 /* PurchaseIdentifiers.swift in Sources */ = {isa = PBXBuildFile; fileRef = B927D3F72CE7EB2B006B1B19 /* PurchaseIdentifiers.swift */; };
		B927D3FA2CE7FACC006B1B19 /* PurchaseStatus.swift in Sources */ = {isa = PBXBuildFile; fileRef = B927D3F92CE7FAC8006B1B19 /* PurchaseStatus.swift */; };
		B927FB232C26CD49008D30BE /* ToolbarAddTip.swift in Sources */ = {isa = PBXBuildFile; fileRef = B927FB222C26CD49008D30BE /* ToolbarAddTip.swift */; };
		B927FB292C2C386D008D30BE /* ToolbarOverviewList.swift in Sources */ = {isa = PBXBuildFile; fileRef = B927FB282C2C386D008D30BE /* ToolbarOverviewList.swift */; };
		B92BC36F2C401DCE00019A62 /* MijickPopupView in Frameworks */ = {isa = PBXBuildFile; productRef = B92BC36E2C401DCE00019A62 /* MijickPopupView */; };
		B92BC3712C401E7400019A62 /* ResetHintsTopPopUp.swift in Sources */ = {isa = PBXBuildFile; fileRef = B92BC3702C401E7400019A62 /* ResetHintsTopPopUp.swift */; };
		B92C53B32BDFED590029E759 /* Localizable.xcstrings in Resources */ = {isa = PBXBuildFile; fileRef = B9D534122BD2903500C3355F /* Localizable.xcstrings */; };
		B92D6F652CC006C4000A2697 /* ChartModels.swift in Sources */ = {isa = PBXBuildFile; fileRef = B92D6F642CC006BD000A2697 /* ChartModels.swift */; };
		B93839F12CD2612E00AAB674 /* BookingSchemaV3.swift in Sources */ = {isa = PBXBuildFile; fileRef = B93839F02CD2612700AAB674 /* BookingSchemaV3.swift */; };
		B93839F52CD26FC400AAB674 /* JsonBookingEntry.swift in Sources */ = {isa = PBXBuildFile; fileRef = B93839F42CD26FB800AAB674 /* JsonBookingEntry.swift */; };
		B93839F72CD26FCD00AAB674 /* JsonTag.swift in Sources */ = {isa = PBXBuildFile; fileRef = B93839F62CD26FC800AAB674 /* JsonTag.swift */; };
		B93839F92CD26FD400AAB674 /* JsonTimelineEntry.swift in Sources */ = {isa = PBXBuildFile; fileRef = B93839F82CD26FD000AAB674 /* JsonTimelineEntry.swift */; };
		B93839FC2CD3F4E300AAB674 /* TimelineView.swift in Sources */ = {isa = PBXBuildFile; fileRef = B93839FB2CD3F4DF00AAB674 /* TimelineView.swift */; };
		B93839FE2CD4E81D00AAB674 /* TimelineEntryState.swift in Sources */ = {isa = PBXBuildFile; fileRef = B93839FD2CD4E81300AAB674 /* TimelineEntryState.swift */; };
		B9383A002CD506B000AAB674 /* BookingEntryState.swift in Sources */ = {isa = PBXBuildFile; fileRef = B93839FF2CD506AA00AAB674 /* BookingEntryState.swift */; };
		B9383A052CD69A4800AAB674 /* TimelineEntryView.swift in Sources */ = {isa = PBXBuildFile; fileRef = B9383A042CD69A4500AAB674 /* TimelineEntryView.swift */; };
		B93F74012BF39F91008A5088 /* AdditionalInfoView.swift in Sources */ = {isa = PBXBuildFile; fileRef = B93F74002BF39F91008A5088 /* AdditionalInfoView.swift */; };
		B95981FA2BE3890500578A9C /* BookingNavigationStackView.swift in Sources */ = {isa = PBXBuildFile; fileRef = B95981F92BE3890500578A9C /* BookingNavigationStackView.swift */; };
		B95981FC2BE3898B00578A9C /* BookingSectionView.swift in Sources */ = {isa = PBXBuildFile; fileRef = B95981FB2BE3898B00578A9C /* BookingSectionView.swift */; };
		B95E95592C40702700B62A64 /* bookingSenseIconFinalDark.png in Resources */ = {isa = PBXBuildFile; fileRef = B95E95572C40702700B62A64 /* bookingSenseIconFinalDark.png */; };
		B95E955A2C40702700B62A64 /* bookingSenseIconFinalTint.png in Resources */ = {isa = PBXBuildFile; fileRef = B95E95582C40702700B62A64 /* bookingSenseIconFinalTint.png */; };
		B95E955B2C40702700B62A64 /* bookingSenseIconFinal.png in Resources */ = {isa = PBXBuildFile; fileRef = B95E95562C40702700B62A64 /* bookingSenseIconFinal.png */; };
		B96761CD2C34A77B00DA9114 /* MailView.swift in Sources */ = {isa = PBXBuildFile; fileRef = B96761CC2C34A77B00DA9114 /* MailView.swift */; };
		B96761D02C358B0F00DA9114 /* ContactButtons.swift in Sources */ = {isa = PBXBuildFile; fileRef = B96761CF2C358B0F00DA9114 /* ContactButtons.swift */; };
		B96761D22C3591BC00DA9114 /* ExportImportButtons.swift in Sources */ = {isa = PBXBuildFile; fileRef = B96761D12C3591BC00DA9114 /* ExportImportButtons.swift */; };
		B96761D52C36BCCD00DA9114 /* TipJarView.swift in Sources */ = {isa = PBXBuildFile; fileRef = B96761D42C36BCCD00DA9114 /* TipJarView.swift */; };
		B96761D92C371F2300DA9114 /* BookingsList.swift in Sources */ = {isa = PBXBuildFile; fileRef = B96761D82C371F2300DA9114 /* BookingsList.swift */; };
		B96F6E192C41296E00132B50 /* BookingInfoPopUp.swift in Sources */ = {isa = PBXBuildFile; fileRef = B96F6E182C41296E00132B50 /* BookingInfoPopUp.swift */; };
		B97378F82BDFC11E003A729E /* ContainerFactory.swift in Sources */ = {isa = PBXBuildFile; fileRef = B97378F72BDFC11E003A729E /* ContainerFactory.swift */; };
		B97378FA2BDFC569003A729E /* BookingSchemaV1.swift in Sources */ = {isa = PBXBuildFile; fileRef = B97378F92BDFC569003A729E /* BookingSchemaV1.swift */; };
		B97378FD2BDFC7D1003A729E /* Migrations.swift in Sources */ = {isa = PBXBuildFile; fileRef = B97378FC2BDFC7D1003A729E /* Migrations.swift */; };
		B9781EAB2C2EB8AF00FBA0A5 /* SettingsNavigationStackView.swift in Sources */ = {isa = PBXBuildFile; fileRef = B9781EAA2C2EB8AF00FBA0A5 /* SettingsNavigationStackView.swift */; };
		B9781EB02C346F1500FBA0A5 /* StoreKit.framework in Frameworks */ = {isa = PBXBuildFile; fileRef = B9781EAF2C346F1500FBA0A5 /* StoreKit.framework */; };
		B980A2022CC139E00075AE8F /* ChartView.swift in Sources */ = {isa = PBXBuildFile; fileRef = B980A2012CC139DD0075AE8F /* ChartView.swift */; };
		B991E2432CDECB8A0031288B /* ToolbarTagEntry.swift in Sources */ = {isa = PBXBuildFile; fileRef = B991E2422CDECB800031288B /* ToolbarTagEntry.swift */; };
		B991E2462CDF98150031288B /* DoneOnDialog.swift in Sources */ = {isa = PBXBuildFile; fileRef = B991E2452CDF980F0031288B /* DoneOnDialog.swift */; };
		B991E2482CDFB28E0031288B /* BookingFilterDialog.swift in Sources */ = {isa = PBXBuildFile; fileRef = B991E2472CDFB2890031288B /* BookingFilterDialog.swift */; };
		B991E24A2CE0FF890031288B /* TagsListView.swift in Sources */ = {isa = PBXBuildFile; fileRef = B991E2492CE0FF820031288B /* TagsListView.swift */; };
		B991E24C2CE101310031288B /* TagFormView.swift in Sources */ = {isa = PBXBuildFile; fileRef = B991E24B2CE1012C0031288B /* TagFormView.swift */; };
		B991E24E2CE16B020031288B /* FeaturesPageView.swift in Sources */ = {isa = PBXBuildFile; fileRef = B991E24D2CE16AFD0031288B /* FeaturesPageView.swift */; };
		B991E2502CE40B9A0031288B /* BookingSchemaV4.swift in Sources */ = {isa = PBXBuildFile; fileRef = B991E24F2CE40B9A0031288B /* BookingSchemaV4.swift */; };
		B991E2622CE4F8190031288B /* AmountPrefix.swift in Sources */ = {isa = PBXBuildFile; fileRef = B991E2612CE4F8110031288B /* AmountPrefix.swift */; };
		B99205FC2BD90F780099EF26 /* AppStates.swift in Sources */ = {isa = PBXBuildFile; fileRef = B99205FB2BD90F780099EF26 /* AppStates.swift */; };
		B99205FF2BD90FAD0099EF26 /* SortButtonView.swift in Sources */ = {isa = PBXBuildFile; fileRef = B99205FE2BD90FAD0099EF26 /* SortButtonView.swift */; };
		B99206072BDA806E0099EF26 /* ToolbarEntryList.swift in Sources */ = {isa = PBXBuildFile; fileRef = B99206062BDA806E0099EF26 /* ToolbarEntryList.swift */; };
		B99206092BDA96090099EF26 /* ToolbarEntry.swift in Sources */ = {isa = PBXBuildFile; fileRef = B99206082BDA96090099EF26 /* ToolbarEntry.swift */; };
		B992060B2BDA96D80099EF26 /* EntryFormView.swift in Sources */ = {isa = PBXBuildFile; fileRef = B992060A2BDA96D80099EF26 /* EntryFormView.swift */; };
		B99284B32C0F090400CB6404 /* LaunchScreen.storyboard in Resources */ = {isa = PBXBuildFile; fileRef = B99284B22C0F090400CB6404 /* LaunchScreen.storyboard */; };
		B997384F2C4079DA00897AFD /* BookingSenseIconFinalLight.png in Resources */ = {isa = PBXBuildFile; fileRef = B997384E2C4079DA00897AFD /* BookingSenseIconFinalLight.png */; };
		B9B8212B2BF244EB00CEDE43 /* Settings.bundle in Resources */ = {isa = PBXBuildFile; fileRef = B9B8212A2BF244EB00CEDE43 /* Settings.bundle */; };
		B9BB9D6E2CAAE96C0057573B /* ThankYouPopUp.swift in Sources */ = {isa = PBXBuildFile; fileRef = B9BB9D6D2CAAE95E0057573B /* ThankYouPopUp.swift */; };
		B9CC1BB62CD7902E0048670A /* ToolbarTimelineContent.swift in Sources */ = {isa = PBXBuildFile; fileRef = B9CC1BB52CD790030048670A /* ToolbarTimelineContent.swift */; };
		B9CC1BB82CD7BB110048670A /* TimelineContentListView.swift in Sources */ = {isa = PBXBuildFile; fileRef = B9CC1BB72CD7BB0C0048670A /* TimelineContentListView.swift */; };
		B9CC1BBE2CD830190048670A /* TimeFilterDialog.swift in Sources */ = {isa = PBXBuildFile; fileRef = B9CC1BBD2CD830160048670A /* TimeFilterDialog.swift */; };
		B9CC1BC02CD838C90048670A /* TimelineListView.swift in Sources */ = {isa = PBXBuildFile; fileRef = B9CC1BBF2CD838C50048670A /* TimelineListView.swift */; };
		B9CC1BC22CD8C8DB0048670A /* BookingSortByEnum.swift in Sources */ = {isa = PBXBuildFile; fileRef = B9CC1BC12CD8C8D40048670A /* BookingSortByEnum.swift */; };
		B9CC1BC62CD8C9540048670A /* BookingSortOrder.swift in Sources */ = {isa = PBXBuildFile; fileRef = B9CC1BC52CD8C9540048670A /* BookingSortOrder.swift */; };
		B9D0ACC62CA995100051F6DC /* IAP.storekit in Resources */ = {isa = PBXBuildFile; fileRef = B9D0ACC52CA995100051F6DC /* IAP.storekit */; };
		B9D534132BD2903500C3355F /* Localizable.xcstrings in Resources */ = {isa = PBXBuildFile; fileRef = B9D534122BD2903500C3355F /* Localizable.xcstrings */; };
		B9DAFAD52BA8AFAF000486EA /* BookingSenseApp.swift in Sources */ = {isa = PBXBuildFile; fileRef = B9DAFAD42BA8AFAF000486EA /* BookingSenseApp.swift */; };
		B9DAFADB2BA8AFAF000486EA /* Assets.xcassets in Resources */ = {isa = PBXBuildFile; fileRef = B9DAFADA2BA8AFAF000486EA /* Assets.xcassets */; };
		B9DAFADF2BA8AFAF000486EA /* Preview Assets.xcassets in Resources */ = {isa = PBXBuildFile; fileRef = B9DAFADE2BA8AFAF000486EA /* Preview Assets.xcassets */; };
		B9DE5B7F2BC6E7740017ACF4 /* BookingType.swift in Sources */ = {isa = PBXBuildFile; fileRef = B9DE5B7E2BC6E7740017ACF4 /* BookingType.swift */; };
		B9E0B9122C1B98230047EA77 /* InfoBoxButtonView.swift in Sources */ = {isa = PBXBuildFile; fileRef = B9E0B9112C1B98220047EA77 /* InfoBoxButtonView.swift */; };
		B9E2D0192BDE87FE0001B391 /* MockContainer.swift in Sources */ = {isa = PBXBuildFile; fileRef = B9E2D0182BDE87FE0001B391 /* MockContainer.swift */; };
		B9E4ABF22BF6438E00E96330 /* InfoView.swift in Sources */ = {isa = PBXBuildFile; fileRef = B9E4ABF12BF6438E00E96330 /* InfoView.swift */; };
		B9F4E0352CB2BB5700A12762 /* ChartsView.swift in Sources */ = {isa = PBXBuildFile; fileRef = B9F4E0342CB2BB5300A12762 /* ChartsView.swift */; };
		B9FEC3D42CAD4A32009DD4A0 /* PurchaseHandler.swift in Sources */ = {isa = PBXBuildFile; fileRef = B9FEC3D32CAD4A29009DD4A0 /* PurchaseHandler.swift */; };
/* End PBXBuildFile section */

/* Begin PBXContainerItemProxy section */
		B92782C22BDD9F8000D13808 /* PBXContainerItemProxy */ = {
			isa = PBXContainerItemProxy;
			containerPortal = B9DAFAC92BA8AFAF000486EA /* Project object */;
			proxyType = 1;
			remoteGlobalIDString = B9DAFAD02BA8AFAF000486EA;
			remoteInfo = ExpenseSense;
		};
		B92782F62BDE779700D13808 /* PBXContainerItemProxy */ = {
			isa = PBXContainerItemProxy;
			containerPortal = B9DAFAC92BA8AFAF000486EA /* Project object */;
			proxyType = 1;
			remoteGlobalIDString = B9DAFAD02BA8AFAF000486EA;
			remoteInfo = ExpenseSense;
		};
/* End PBXContainerItemProxy section */

/* Begin PBXFileReference section */
		B907587A2C13479300EDC82F /* ContentView.swift */ = {isa = PBXFileReference; fileEncoding = 4; lastKnownFileType = sourcecode.swift; name = ContentView.swift; path = Views/ContentView.swift; sourceTree = SOURCE_ROOT; };
		B90B2B402BE4E88400BD2042 /* FilledNavigationStackUITest.swift */ = {isa = PBXFileReference; lastKnownFileType = sourcecode.swift; path = FilledNavigationStackUITest.swift; sourceTree = "<group>"; };
		B90B2B422BE504A200BD2042 /* NavigationStackContentView.swift */ = {isa = PBXFileReference; lastKnownFileType = sourcecode.swift; path = NavigationStackContentView.swift; sourceTree = "<group>"; };
		B90B2B442BE5069700BD2042 /* EmptyNavigationStackUITest.swift */ = {isa = PBXFileReference; lastKnownFileType = sourcecode.swift; path = EmptyNavigationStackUITest.swift; sourceTree = "<group>"; };
		B90B2B462BE91AC600BD2042 /* TestHelper.swift */ = {isa = PBXFileReference; lastKnownFileType = sourcecode.swift; path = TestHelper.swift; sourceTree = "<group>"; };
		B90D3D0E2C19D97D00133857 /* IntervalInsightsView.swift */ = {isa = PBXFileReference; lastKnownFileType = sourcecode.swift; path = IntervalInsightsView.swift; sourceTree = "<group>"; };
		B91002C72CC796FA00BECF87 /* BiometricHandler.swift */ = {isa = PBXFileReference; lastKnownFileType = sourcecode.swift; path = BiometricHandler.swift; sourceTree = "<group>"; };
		B915DC442BB4644A0018E812 /* Interval.swift */ = {isa = PBXFileReference; lastKnownFileType = sourcecode.swift; path = Interval.swift; sourceTree = "<group>"; };
		B915DC482BB46E350018E812 /* OverviewView.swift */ = {isa = PBXFileReference; lastKnownFileType = sourcecode.swift; path = OverviewView.swift; sourceTree = "<group>"; };
		B915DC4E2BB479180018E812 /* Constants.swift */ = {isa = PBXFileReference; lastKnownFileType = sourcecode.swift; path = Constants.swift; sourceTree = "<group>"; };
		B919B4A12BC6AA47009B2FA4 /* EntryView.swift */ = {isa = PBXFileReference; lastKnownFileType = sourcecode.swift; path = EntryView.swift; sourceTree = "<group>"; };
		B922EBEB2CCAED5F00D51C0B /* BookingSchemaV2.swift */ = {isa = PBXFileReference; lastKnownFileType = sourcecode.swift; path = BookingSchemaV2.swift; sourceTree = "<group>"; };
		B92782BE2BDD9F8000D13808 /* BookingSenseTests.xctest */ = {isa = PBXFileReference; explicitFileType = wrapper.cfbundle; includeInIndex = 0; path = BookingSenseTests.xctest; sourceTree = BUILT_PRODUCTS_DIR; };
		B92782C02BDD9F8000D13808 /* ContainerFactoryTests.swift */ = {isa = PBXFileReference; lastKnownFileType = sourcecode.swift; path = ContainerFactoryTests.swift; sourceTree = "<group>"; };
		B92782C72BDD9F9D00D13808 /* ConstantsTests.swift */ = {isa = PBXFileReference; lastKnownFileType = sourcecode.swift; path = ConstantsTests.swift; sourceTree = "<group>"; };
		B92782CD2BDE554000D13808 /* ContentViewTests.swift */ = {isa = PBXFileReference; lastKnownFileType = sourcecode.swift; path = ContentViewTests.swift; sourceTree = "<group>"; };
		B92782CF2BDE631A00D13808 /* IntervalTests.swift */ = {isa = PBXFileReference; lastKnownFileType = sourcecode.swift; path = IntervalTests.swift; sourceTree = "<group>"; };
		B92782F02BDE779700D13808 /* BookingSenseUITests.xctest */ = {isa = PBXFileReference; explicitFileType = wrapper.cfbundle; includeInIndex = 0; path = BookingSenseUITests.xctest; sourceTree = BUILT_PRODUCTS_DIR; };
		B92782F22BDE779700D13808 /* BookingSenseUITests.swift */ = {isa = PBXFileReference; lastKnownFileType = sourcecode.swift; path = BookingSenseUITests.swift; sourceTree = "<group>"; };
		B92782F42BDE779700D13808 /* BookingSenseUITestsLaunchTests.swift */ = {isa = PBXFileReference; lastKnownFileType = sourcecode.swift; path = BookingSenseUITestsLaunchTests.swift; sourceTree = "<group>"; };
		B927D3F22CE7E7CF006B1B19 /* PurchaseHandlerViewModifier.swift */ = {isa = PBXFileReference; lastKnownFileType = sourcecode.swift; path = PurchaseHandlerViewModifier.swift; sourceTree = "<group>"; };
		B927D3F42CE7EA55006B1B19 /* PurchaseStatusTaskModifier.swift */ = {isa = PBXFileReference; lastKnownFileType = sourcecode.swift; path = PurchaseStatusTaskModifier.swift; sourceTree = "<group>"; };
		B927D3F72CE7EB2B006B1B19 /* PurchaseIdentifiers.swift */ = {isa = PBXFileReference; lastKnownFileType = sourcecode.swift; path = PurchaseIdentifiers.swift; sourceTree = "<group>"; };
		B927D3F92CE7FAC8006B1B19 /* PurchaseStatus.swift */ = {isa = PBXFileReference; lastKnownFileType = sourcecode.swift; path = PurchaseStatus.swift; sourceTree = "<group>"; };
		B927FB222C26CD49008D30BE /* ToolbarAddTip.swift */ = {isa = PBXFileReference; lastKnownFileType = sourcecode.swift; path = ToolbarAddTip.swift; sourceTree = "<group>"; };
		B927FB282C2C386D008D30BE /* ToolbarOverviewList.swift */ = {isa = PBXFileReference; lastKnownFileType = sourcecode.swift; path = ToolbarOverviewList.swift; sourceTree = "<group>"; };
		B92BC3702C401E7400019A62 /* ResetHintsTopPopUp.swift */ = {isa = PBXFileReference; lastKnownFileType = sourcecode.swift; path = ResetHintsTopPopUp.swift; sourceTree = "<group>"; };
		B92C53B22BDFDD980029E759 /* productionTestPlan.xctestplan */ = {isa = PBXFileReference; lastKnownFileType = text; path = productionTestPlan.xctestplan; sourceTree = "<group>"; };
		B92D6F642CC006BD000A2697 /* ChartModels.swift */ = {isa = PBXFileReference; lastKnownFileType = sourcecode.swift; path = ChartModels.swift; sourceTree = "<group>"; };
		B93839F02CD2612700AAB674 /* BookingSchemaV3.swift */ = {isa = PBXFileReference; lastKnownFileType = sourcecode.swift; path = BookingSchemaV3.swift; sourceTree = "<group>"; };
		B93839F42CD26FB800AAB674 /* JsonBookingEntry.swift */ = {isa = PBXFileReference; lastKnownFileType = sourcecode.swift; path = JsonBookingEntry.swift; sourceTree = "<group>"; };
		B93839F62CD26FC800AAB674 /* JsonTag.swift */ = {isa = PBXFileReference; lastKnownFileType = sourcecode.swift; path = JsonTag.swift; sourceTree = "<group>"; };
		B93839F82CD26FD000AAB674 /* JsonTimelineEntry.swift */ = {isa = PBXFileReference; lastKnownFileType = sourcecode.swift; path = JsonTimelineEntry.swift; sourceTree = "<group>"; };
		B93839FB2CD3F4DF00AAB674 /* TimelineView.swift */ = {isa = PBXFileReference; lastKnownFileType = sourcecode.swift; path = TimelineView.swift; sourceTree = "<group>"; };
		B93839FD2CD4E81300AAB674 /* TimelineEntryState.swift */ = {isa = PBXFileReference; lastKnownFileType = sourcecode.swift; path = TimelineEntryState.swift; sourceTree = "<group>"; };
		B93839FF2CD506AA00AAB674 /* BookingEntryState.swift */ = {isa = PBXFileReference; lastKnownFileType = sourcecode.swift; path = BookingEntryState.swift; sourceTree = "<group>"; };
		B9383A042CD69A4500AAB674 /* TimelineEntryView.swift */ = {isa = PBXFileReference; lastKnownFileType = sourcecode.swift; path = TimelineEntryView.swift; sourceTree = "<group>"; };
		B93F74002BF39F91008A5088 /* AdditionalInfoView.swift */ = {isa = PBXFileReference; lastKnownFileType = sourcecode.swift; path = AdditionalInfoView.swift; sourceTree = "<group>"; };
		B95981F92BE3890500578A9C /* BookingNavigationStackView.swift */ = {isa = PBXFileReference; lastKnownFileType = sourcecode.swift; path = BookingNavigationStackView.swift; sourceTree = "<group>"; };
		B95981FB2BE3898B00578A9C /* BookingSectionView.swift */ = {isa = PBXFileReference; lastKnownFileType = sourcecode.swift; path = BookingSectionView.swift; sourceTree = "<group>"; };
		B95E95562C40702700B62A64 /* bookingSenseIconFinal.png */ = {isa = PBXFileReference; lastKnownFileType = image.png; path = bookingSenseIconFinal.png; sourceTree = "<group>"; };
		B95E95572C40702700B62A64 /* bookingSenseIconFinalDark.png */ = {isa = PBXFileReference; lastKnownFileType = image.png; path = bookingSenseIconFinalDark.png; sourceTree = "<group>"; };
		B95E95582C40702700B62A64 /* bookingSenseIconFinalTint.png */ = {isa = PBXFileReference; lastKnownFileType = image.png; path = bookingSenseIconFinalTint.png; sourceTree = "<group>"; };
		B9655DDC2C0FBC1800D81C33 /* basicTestPlan.xctestplan */ = {isa = PBXFileReference; lastKnownFileType = text; path = basicTestPlan.xctestplan; sourceTree = "<group>"; };
		B96761CC2C34A77B00DA9114 /* MailView.swift */ = {isa = PBXFileReference; lastKnownFileType = sourcecode.swift; path = MailView.swift; sourceTree = "<group>"; };
		B96761CF2C358B0F00DA9114 /* ContactButtons.swift */ = {isa = PBXFileReference; lastKnownFileType = sourcecode.swift; path = ContactButtons.swift; sourceTree = "<group>"; };
		B96761D12C3591BC00DA9114 /* ExportImportButtons.swift */ = {isa = PBXFileReference; lastKnownFileType = sourcecode.swift; path = ExportImportButtons.swift; sourceTree = "<group>"; };
		B96761D42C36BCCD00DA9114 /* TipJarView.swift */ = {isa = PBXFileReference; lastKnownFileType = sourcecode.swift; path = TipJarView.swift; sourceTree = "<group>"; };
		B96761D82C371F2300DA9114 /* BookingsList.swift */ = {isa = PBXFileReference; lastKnownFileType = sourcecode.swift; path = BookingsList.swift; sourceTree = "<group>"; };
		B96F6E182C41296E00132B50 /* BookingInfoPopUp.swift */ = {isa = PBXFileReference; lastKnownFileType = sourcecode.swift; path = BookingInfoPopUp.swift; sourceTree = "<group>"; };
		B97378F72BDFC11E003A729E /* ContainerFactory.swift */ = {isa = PBXFileReference; lastKnownFileType = sourcecode.swift; path = ContainerFactory.swift; sourceTree = "<group>"; };
		B97378F92BDFC569003A729E /* BookingSchemaV1.swift */ = {isa = PBXFileReference; lastKnownFileType = sourcecode.swift; path = BookingSchemaV1.swift; sourceTree = "<group>"; };
		B97378FC2BDFC7D1003A729E /* Migrations.swift */ = {isa = PBXFileReference; lastKnownFileType = sourcecode.swift; path = Migrations.swift; sourceTree = "<group>"; };
		B9781EAA2C2EB8AF00FBA0A5 /* SettingsNavigationStackView.swift */ = {isa = PBXFileReference; lastKnownFileType = sourcecode.swift; path = SettingsNavigationStackView.swift; sourceTree = "<group>"; };
		B9781EAF2C346F1500FBA0A5 /* StoreKit.framework */ = {isa = PBXFileReference; lastKnownFileType = wrapper.framework; name = StoreKit.framework; path = System/Library/Frameworks/StoreKit.framework; sourceTree = SDKROOT; };
		B980A2012CC139DD0075AE8F /* ChartView.swift */ = {isa = PBXFileReference; lastKnownFileType = sourcecode.swift; path = ChartView.swift; sourceTree = "<group>"; };
		B982CA152C11052B002FA2DC /* BookingSense-Info.plist */ = {isa = PBXFileReference; lastKnownFileType = text.plist; path = "BookingSense-Info.plist"; sourceTree = "<group>"; };
		B991E2422CDECB800031288B /* ToolbarTagEntry.swift */ = {isa = PBXFileReference; lastKnownFileType = sourcecode.swift; path = ToolbarTagEntry.swift; sourceTree = "<group>"; };
		B991E2452CDF980F0031288B /* DoneOnDialog.swift */ = {isa = PBXFileReference; lastKnownFileType = sourcecode.swift; path = DoneOnDialog.swift; sourceTree = "<group>"; };
		B991E2472CDFB2890031288B /* BookingFilterDialog.swift */ = {isa = PBXFileReference; lastKnownFileType = sourcecode.swift; path = BookingFilterDialog.swift; sourceTree = "<group>"; };
		B991E2492CE0FF820031288B /* TagsListView.swift */ = {isa = PBXFileReference; lastKnownFileType = sourcecode.swift; path = TagsListView.swift; sourceTree = "<group>"; };
		B991E24B2CE1012C0031288B /* TagFormView.swift */ = {isa = PBXFileReference; lastKnownFileType = sourcecode.swift; path = TagFormView.swift; sourceTree = "<group>"; };
		B991E24D2CE16AFD0031288B /* FeaturesPageView.swift */ = {isa = PBXFileReference; lastKnownFileType = sourcecode.swift; path = FeaturesPageView.swift; sourceTree = "<group>"; };
		B991E24F2CE40B9A0031288B /* BookingSchemaV4.swift */ = {isa = PBXFileReference; lastKnownFileType = sourcecode.swift; path = BookingSchemaV4.swift; sourceTree = "<group>"; };
		B991E2612CE4F8110031288B /* AmountPrefix.swift */ = {isa = PBXFileReference; lastKnownFileType = sourcecode.swift; path = AmountPrefix.swift; sourceTree = "<group>"; };
		B99205FB2BD90F780099EF26 /* AppStates.swift */ = {isa = PBXFileReference; lastKnownFileType = sourcecode.swift; path = AppStates.swift; sourceTree = "<group>"; };
		B99205FE2BD90FAD0099EF26 /* SortButtonView.swift */ = {isa = PBXFileReference; lastKnownFileType = sourcecode.swift; path = SortButtonView.swift; sourceTree = "<group>"; };
		B99206062BDA806E0099EF26 /* ToolbarEntryList.swift */ = {isa = PBXFileReference; lastKnownFileType = sourcecode.swift; path = ToolbarEntryList.swift; sourceTree = "<group>"; };
		B99206082BDA96090099EF26 /* ToolbarEntry.swift */ = {isa = PBXFileReference; lastKnownFileType = sourcecode.swift; path = ToolbarEntry.swift; sourceTree = "<group>"; };
		B992060A2BDA96D80099EF26 /* EntryFormView.swift */ = {isa = PBXFileReference; lastKnownFileType = sourcecode.swift; path = EntryFormView.swift; sourceTree = "<group>"; };
		B99284B22C0F090400CB6404 /* LaunchScreen.storyboard */ = {isa = PBXFileReference; lastKnownFileType = file.storyboard; path = LaunchScreen.storyboard; sourceTree = "<group>"; };
		B997384E2C4079DA00897AFD /* BookingSenseIconFinalLight.png */ = {isa = PBXFileReference; lastKnownFileType = image.png; path = BookingSenseIconFinalLight.png; sourceTree = "<group>"; };
		B9B8212A2BF244EB00CEDE43 /* Settings.bundle */ = {isa = PBXFileReference; lastKnownFileType = "wrapper.plug-in"; path = Settings.bundle; sourceTree = "<group>"; };
		B9BB9D6D2CAAE95E0057573B /* ThankYouPopUp.swift */ = {isa = PBXFileReference; lastKnownFileType = sourcecode.swift; path = ThankYouPopUp.swift; sourceTree = "<group>"; };
		B9C702B12C0FC6E0004546E1 /* ci_post_clone.sh */ = {isa = PBXFileReference; lastKnownFileType = text.script.sh; path = ci_post_clone.sh; sourceTree = "<group>"; };
		B9CC1BB52CD790030048670A /* ToolbarTimelineContent.swift */ = {isa = PBXFileReference; lastKnownFileType = sourcecode.swift; path = ToolbarTimelineContent.swift; sourceTree = "<group>"; };
		B9CC1BB72CD7BB0C0048670A /* TimelineContentListView.swift */ = {isa = PBXFileReference; lastKnownFileType = sourcecode.swift; path = TimelineContentListView.swift; sourceTree = "<group>"; };
		B9CC1BBD2CD830160048670A /* TimeFilterDialog.swift */ = {isa = PBXFileReference; lastKnownFileType = sourcecode.swift; path = TimeFilterDialog.swift; sourceTree = "<group>"; };
		B9CC1BBF2CD838C50048670A /* TimelineListView.swift */ = {isa = PBXFileReference; lastKnownFileType = sourcecode.swift; path = TimelineListView.swift; sourceTree = "<group>"; };
		B9CC1BC12CD8C8D40048670A /* BookingSortByEnum.swift */ = {isa = PBXFileReference; lastKnownFileType = sourcecode.swift; path = BookingSortByEnum.swift; sourceTree = "<group>"; };
		B9CC1BC52CD8C9540048670A /* BookingSortOrder.swift */ = {isa = PBXFileReference; lastKnownFileType = sourcecode.swift; path = BookingSortOrder.swift; sourceTree = "<group>"; };
		B9D0ACC52CA995100051F6DC /* IAP.storekit */ = {isa = PBXFileReference; lastKnownFileType = text; path = IAP.storekit; sourceTree = "<group>"; };
		B9D1487C2C0F42D70040527B /* PrivacyInfo.xcprivacy */ = {isa = PBXFileReference; lastKnownFileType = text.xml; path = PrivacyInfo.xcprivacy; sourceTree = "<group>"; };
		B9D534122BD2903500C3355F /* Localizable.xcstrings */ = {isa = PBXFileReference; lastKnownFileType = text.json.xcstrings; path = Localizable.xcstrings; sourceTree = "<group>"; };
		B9DAFAD12BA8AFAF000486EA /* BookingSense.app */ = {isa = PBXFileReference; explicitFileType = wrapper.application; includeInIndex = 0; path = BookingSense.app; sourceTree = BUILT_PRODUCTS_DIR; };
		B9DAFAD42BA8AFAF000486EA /* BookingSenseApp.swift */ = {isa = PBXFileReference; lastKnownFileType = sourcecode.swift; path = BookingSenseApp.swift; sourceTree = "<group>"; };
		B9DAFADA2BA8AFAF000486EA /* Assets.xcassets */ = {isa = PBXFileReference; lastKnownFileType = folder.assetcatalog; path = Assets.xcassets; sourceTree = "<group>"; };
		B9DAFADC2BA8AFAF000486EA /* ExpenseSense.entitlements */ = {isa = PBXFileReference; lastKnownFileType = text.plist.entitlements; path = ExpenseSense.entitlements; sourceTree = "<group>"; };
		B9DAFADE2BA8AFAF000486EA /* Preview Assets.xcassets */ = {isa = PBXFileReference; lastKnownFileType = folder.assetcatalog; path = "Preview Assets.xcassets"; sourceTree = "<group>"; };
		B9DE5B7E2BC6E7740017ACF4 /* BookingType.swift */ = {isa = PBXFileReference; lastKnownFileType = sourcecode.swift; path = BookingType.swift; sourceTree = "<group>"; };
		B9E0B9112C1B98220047EA77 /* InfoBoxButtonView.swift */ = {isa = PBXFileReference; lastKnownFileType = sourcecode.swift; path = InfoBoxButtonView.swift; sourceTree = "<group>"; };
		B9E2D0182BDE87FE0001B391 /* MockContainer.swift */ = {isa = PBXFileReference; lastKnownFileType = sourcecode.swift; path = MockContainer.swift; sourceTree = "<group>"; };
		B9E4ABF12BF6438E00E96330 /* InfoView.swift */ = {isa = PBXFileReference; lastKnownFileType = sourcecode.swift; path = InfoView.swift; sourceTree = "<group>"; };
		B9F4E0342CB2BB5300A12762 /* ChartsView.swift */ = {isa = PBXFileReference; lastKnownFileType = sourcecode.swift; path = ChartsView.swift; sourceTree = "<group>"; };
		B9FEC3D32CAD4A29009DD4A0 /* PurchaseHandler.swift */ = {isa = PBXFileReference; lastKnownFileType = sourcecode.swift; path = PurchaseHandler.swift; sourceTree = "<group>"; };
/* End PBXFileReference section */

/* Begin PBXFrameworksBuildPhase section */
		B92782BB2BDD9F8000D13808 /* Frameworks */ = {
			isa = PBXFrameworksBuildPhase;
			buildActionMask = 2147483647;
			files = (
			);
			runOnlyForDeploymentPostprocessing = 0;
		};
		B92782ED2BDE779700D13808 /* Frameworks */ = {
			isa = PBXFrameworksBuildPhase;
			buildActionMask = 2147483647;
			files = (
			);
			runOnlyForDeploymentPostprocessing = 0;
		};
		B9DAFACE2BA8AFAF000486EA /* Frameworks */ = {
			isa = PBXFrameworksBuildPhase;
			buildActionMask = 2147483647;
			files = (
				B9781EB02C346F1500FBA0A5 /* StoreKit.framework in Frameworks */,
				B92BC36F2C401DCE00019A62 /* MijickPopupView in Frameworks */,
			);
			runOnlyForDeploymentPostprocessing = 0;
		};
/* End PBXFrameworksBuildPhase section */

/* Begin PBXGroup section */
		B90ABBD72BE3DCCB006E5AA8 /* Toolbar */ = {
			isa = PBXGroup;
			children = (
				B90ABBD82BE3FC8C006E5AA8 /* Buttons */,
				B99206062BDA806E0099EF26 /* ToolbarEntryList.swift */,
				B99206082BDA96090099EF26 /* ToolbarEntry.swift */,
				B991E2422CDECB800031288B /* ToolbarTagEntry.swift */,
				B927FB282C2C386D008D30BE /* ToolbarOverviewList.swift */,
				B9CC1BB52CD790030048670A /* ToolbarTimelineContent.swift */,
			);
			path = Toolbar;
			sourceTree = "<group>";
		};
		B90ABBD82BE3FC8C006E5AA8 /* Buttons */ = {
			isa = PBXGroup;
			children = (
				B99205FE2BD90FAD0099EF26 /* SortButtonView.swift */,
			);
			path = Buttons;
			sourceTree = "<group>";
		};
		B915DC4C2BB46E790018E812 /* Views */ = {
			isa = PBXGroup;
			children = (
				B927D3F12CE7E7A7006B1B19 /* Modifier */,
				B9BE668A2BCFEFF70063734E /* Toast */,
				B99205FD2BD90FA40099EF26 /* Navigation */,
				B919B4A32BC6AAA3009B2FA4 /* Overview */,
				B93839FA2CD3F46F00AAB674 /* Timeline */,
				B919B4A42BC6AAAA009B2FA4 /* Booking */,
				B9781EA92C2EB81F00FBA0A5 /* Settings */,
				B907587A2C13479300EDC82F /* ContentView.swift */,
				B9E0B9112C1B98220047EA77 /* InfoBoxButtonView.swift */,
			);
			path = Views;
			sourceTree = "<group>";
		};
		B915DC4D2BB46EA50018E812 /* Data */ = {
			isa = PBXGroup;
			children = (
				B927D3F62CE7EB20006B1B19 /* Store */,
				B991E2632CE5FE850031288B /* Deprecated */,
				B9FEC3D52CAD5277009DD4A0 /* Handlers */,
				B927FB212C26CD1E008D30BE /* Tips */,
				B99205FA2BD90F630099EF26 /* Models */,
				B99205FB2BD90F780099EF26 /* AppStates.swift */,
				B92D6F642CC006BD000A2697 /* ChartModels.swift */,
				B915DC442BB4644A0018E812 /* Interval.swift */,
				B915DC4E2BB479180018E812 /* Constants.swift */,
				B9DE5B7E2BC6E7740017ACF4 /* BookingType.swift */,
				B93839FD2CD4E81300AAB674 /* TimelineEntryState.swift */,
				B93839FF2CD506AA00AAB674 /* BookingEntryState.swift */,
			);
			path = Data;
			sourceTree = "<group>";
		};
		B919B4A32BC6AAA3009B2FA4 /* Overview */ = {
			isa = PBXGroup;
			children = (
				B980A2012CC139DD0075AE8F /* ChartView.swift */,
				B9F4E0342CB2BB5300A12762 /* ChartsView.swift */,
				B915DC482BB46E350018E812 /* OverviewView.swift */,
				B93F74002BF39F91008A5088 /* AdditionalInfoView.swift */,
				B9E4ABF12BF6438E00E96330 /* InfoView.swift */,
				B90D3D0E2C19D97D00133857 /* IntervalInsightsView.swift */,
			);
			path = Overview;
			sourceTree = "<group>";
		};
		B919B4A42BC6AAAA009B2FA4 /* Booking */ = {
			isa = PBXGroup;
			children = (
				B95981F92BE3890500578A9C /* BookingNavigationStackView.swift */,
				B90B2B422BE504A200BD2042 /* NavigationStackContentView.swift */,
				B919B4A12BC6AA47009B2FA4 /* EntryView.swift */,
				B992060A2BDA96D80099EF26 /* EntryFormView.swift */,
				B95981FB2BE3898B00578A9C /* BookingSectionView.swift */,
			);
			path = Booking;
			sourceTree = "<group>";
		};
		B92782BF2BDD9F8000D13808 /* BookingSenseTests */ = {
			isa = PBXGroup;
			children = (
				B92782CB2BDE54A100D13808 /* Unit */,
				B9E2D0182BDE87FE0001B391 /* MockContainer.swift */,
			);
			path = BookingSenseTests;
			sourceTree = "<group>";
		};
		B92782CB2BDE54A100D13808 /* Unit */ = {
			isa = PBXGroup;
			children = (
				B92782D32BDE65EE00D13808 /* Data */,
				B92782C02BDD9F8000D13808 /* ContainerFactoryTests.swift */,
				B92782CD2BDE554000D13808 /* ContentViewTests.swift */,
			);
			path = Unit;
			sourceTree = "<group>";
		};
		B92782D32BDE65EE00D13808 /* Data */ = {
			isa = PBXGroup;
			children = (
				B92782C72BDD9F9D00D13808 /* ConstantsTests.swift */,
				B92782CF2BDE631A00D13808 /* IntervalTests.swift */,
			);
			path = Data;
			sourceTree = "<group>";
		};
		B92782F12BDE779700D13808 /* BookingSenseUITests */ = {
			isa = PBXGroup;
			children = (
				B92782F22BDE779700D13808 /* BookingSenseUITests.swift */,
				B92782F42BDE779700D13808 /* BookingSenseUITestsLaunchTests.swift */,
				B90B2B402BE4E88400BD2042 /* FilledNavigationStackUITest.swift */,
				B90B2B442BE5069700BD2042 /* EmptyNavigationStackUITest.swift */,
				B90B2B462BE91AC600BD2042 /* TestHelper.swift */,
			);
			path = BookingSenseUITests;
			sourceTree = "<group>";
		};
		B927D3F12CE7E7A7006B1B19 /* Modifier */ = {
			isa = PBXGroup;
			children = (
				B927D3F42CE7EA55006B1B19 /* PurchaseStatusTaskModifier.swift */,
				B927D3F22CE7E7CF006B1B19 /* PurchaseHandlerViewModifier.swift */,
			);
			path = Modifier;
			sourceTree = "<group>";
		};
		B927D3F62CE7EB20006B1B19 /* Store */ = {
			isa = PBXGroup;
			children = (
				B927D3F92CE7FAC8006B1B19 /* PurchaseStatus.swift */,
				B9FEC3D32CAD4A29009DD4A0 /* PurchaseHandler.swift */,
				B927D3F72CE7EB2B006B1B19 /* PurchaseIdentifiers.swift */,
			);
			path = Store;
			sourceTree = "<group>";
		};
		B927FB212C26CD1E008D30BE /* Tips */ = {
			isa = PBXGroup;
			children = (
				B927FB222C26CD49008D30BE /* ToolbarAddTip.swift */,
			);
			path = Tips;
			sourceTree = "<group>";
		};
		B93839F32CD26FA200AAB674 /* Database */ = {
			isa = PBXGroup;
			children = (
				B97378F92BDFC569003A729E /* BookingSchemaV1.swift */,
				B922EBEB2CCAED5F00D51C0B /* BookingSchemaV2.swift */,
				B93839F02CD2612700AAB674 /* BookingSchemaV3.swift */,
				B991E24F2CE40B9A0031288B /* BookingSchemaV4.swift */,
			);
			path = Database;
			sourceTree = "<group>";
		};
		B93839FA2CD3F46F00AAB674 /* Timeline */ = {
			isa = PBXGroup;
			children = (
				B9CC1BBF2CD838C50048670A /* TimelineListView.swift */,
				B9CC1BB72CD7BB0C0048670A /* TimelineContentListView.swift */,
				B9383A042CD69A4500AAB674 /* TimelineEntryView.swift */,
				B93839FB2CD3F4DF00AAB674 /* TimelineView.swift */,
			);
			path = Timeline;
			sourceTree = "<group>";
		};
		B97378FB2BDFC7C2003A729E /* Migrations */ = {
			isa = PBXGroup;
			children = (
				B97378FC2BDFC7D1003A729E /* Migrations.swift */,
			);
			path = Migrations;
			sourceTree = "<group>";
		};
		B9781EA92C2EB81F00FBA0A5 /* Settings */ = {
			isa = PBXGroup;
			children = (
				B991E24D2CE16AFD0031288B /* FeaturesPageView.swift */,
				B991E24B2CE1012C0031288B /* TagFormView.swift */,
				B991E2492CE0FF820031288B /* TagsListView.swift */,
				B9781EAA2C2EB8AF00FBA0A5 /* SettingsNavigationStackView.swift */,
				B96761CC2C34A77B00DA9114 /* MailView.swift */,
				B96761CF2C358B0F00DA9114 /* ContactButtons.swift */,
				B96761D12C3591BC00DA9114 /* ExportImportButtons.swift */,
				B96761D42C36BCCD00DA9114 /* TipJarView.swift */,
			);
			path = Settings;
			sourceTree = "<group>";
		};
		B9781EAE2C346F1500FBA0A5 /* Frameworks */ = {
			isa = PBXGroup;
			children = (
				B9781EAF2C346F1500FBA0A5 /* StoreKit.framework */,
			);
			name = Frameworks;
			sourceTree = "<group>";
		};
		B991E2442CDF98000031288B /* Dialog */ = {
			isa = PBXGroup;
			children = (
				B991E2472CDFB2890031288B /* BookingFilterDialog.swift */,
				B991E2452CDF980F0031288B /* DoneOnDialog.swift */,
				B9CC1BBD2CD830160048670A /* TimeFilterDialog.swift */,
			);
			path = Dialog;
			sourceTree = "<group>";
		};
		B991E2632CE5FE850031288B /* Deprecated */ = {
			isa = PBXGroup;
			children = (
				B991E2612CE4F8110031288B /* AmountPrefix.swift */,
			);
			path = Deprecated;
			sourceTree = "<group>";
		};
		B99205FA2BD90F630099EF26 /* Models */ = {
			isa = PBXGroup;
			children = (
				B9CC1BC12CD8C8D40048670A /* BookingSortByEnum.swift */,
				B9CC1BC52CD8C9540048670A /* BookingSortOrder.swift */,
				B93839F82CD26FD000AAB674 /* JsonTimelineEntry.swift */,
				B93839F62CD26FC800AAB674 /* JsonTag.swift */,
				B93839F42CD26FB800AAB674 /* JsonBookingEntry.swift */,
				B93839F32CD26FA200AAB674 /* Database */,
				B97378FB2BDFC7C2003A729E /* Migrations */,
				B96761D82C371F2300DA9114 /* BookingsList.swift */,
				B97378F72BDFC11E003A729E /* ContainerFactory.swift */,
			);
			path = Models;
			sourceTree = "<group>";
		};
		B99205FD2BD90FA40099EF26 /* Navigation */ = {
			isa = PBXGroup;
			children = (
				B991E2442CDF98000031288B /* Dialog */,
				B90ABBD72BE3DCCB006E5AA8 /* Toolbar */,
			);
			path = Navigation;
			sourceTree = "<group>";
		};
		B99284B42C0F09ED00CB6404 /* resources */ = {
			isa = PBXGroup;
			children = (
				B9D0ACBB2CA95DBD0051F6DC /* StoreKit */,
				B997384E2C4079DA00897AFD /* BookingSenseIconFinalLight.png */,
				B95E95562C40702700B62A64 /* bookingSenseIconFinal.png */,
				B95E95572C40702700B62A64 /* bookingSenseIconFinalDark.png */,
				B95E95582C40702700B62A64 /* bookingSenseIconFinalTint.png */,
				B9DAFADA2BA8AFAF000486EA /* Assets.xcassets */,
				B99284B22C0F090400CB6404 /* LaunchScreen.storyboard */,
				B9DAFADC2BA8AFAF000486EA /* ExpenseSense.entitlements */,
				B9D534122BD2903500C3355F /* Localizable.xcstrings */,
				B9D1487C2C0F42D70040527B /* PrivacyInfo.xcprivacy */,
			);
			path = resources;
			sourceTree = "<group>";
		};
		B9BE668A2BCFEFF70063734E /* Toast */ = {
			isa = PBXGroup;
			children = (
				B9BB9D6D2CAAE95E0057573B /* ThankYouPopUp.swift */,
				B92BC3702C401E7400019A62 /* ResetHintsTopPopUp.swift */,
				B96F6E182C41296E00132B50 /* BookingInfoPopUp.swift */,
			);
			path = Toast;
			sourceTree = "<group>";
		};
		B9C702B02C0FC6C8004546E1 /* ci_scripts */ = {
			isa = PBXGroup;
			children = (
				B9C702B12C0FC6E0004546E1 /* ci_post_clone.sh */,
			);
			path = ci_scripts;
			sourceTree = "<group>";
		};
		B9D0ACBB2CA95DBD0051F6DC /* StoreKit */ = {
			isa = PBXGroup;
			children = (
				B9D0ACC52CA995100051F6DC /* IAP.storekit */,
			);
			path = StoreKit;
			sourceTree = "<group>";
		};
		B9DAFAC82BA8AFAF000486EA = {
			isa = PBXGroup;
			children = (
				B982CA152C11052B002FA2DC /* BookingSense-Info.plist */,
				B9C702B02C0FC6C8004546E1 /* ci_scripts */,
				B9DAFADD2BA8AFAF000486EA /* Preview Content */,
				B915DC4D2BB46EA50018E812 /* Data */,
				B915DC4C2BB46E790018E812 /* Views */,
				B9DAFAD42BA8AFAF000486EA /* BookingSenseApp.swift */,
				B9B8212A2BF244EB00CEDE43 /* Settings.bundle */,
				B99284B42C0F09ED00CB6404 /* resources */,
				B92782BF2BDD9F8000D13808 /* BookingSenseTests */,
				B92782F12BDE779700D13808 /* BookingSenseUITests */,
				B92C53B22BDFDD980029E759 /* productionTestPlan.xctestplan */,
				B9655DDC2C0FBC1800D81C33 /* basicTestPlan.xctestplan */,
				B9DAFAD22BA8AFAF000486EA /* Products */,
				B9781EAE2C346F1500FBA0A5 /* Frameworks */,
			);
			sourceTree = "<group>";
		};
		B9DAFAD22BA8AFAF000486EA /* Products */ = {
			isa = PBXGroup;
			children = (
				B9DAFAD12BA8AFAF000486EA /* BookingSense.app */,
				B92782BE2BDD9F8000D13808 /* BookingSenseTests.xctest */,
				B92782F02BDE779700D13808 /* BookingSenseUITests.xctest */,
			);
			name = Products;
			sourceTree = "<group>";
		};
		B9DAFADD2BA8AFAF000486EA /* Preview Content */ = {
			isa = PBXGroup;
			children = (
				B9DAFADE2BA8AFAF000486EA /* Preview Assets.xcassets */,
			);
			path = "Preview Content";
			sourceTree = "<group>";
		};
		B9FEC3D52CAD5277009DD4A0 /* Handlers */ = {
			isa = PBXGroup;
			children = (
				B91002C72CC796FA00BECF87 /* BiometricHandler.swift */,
			);
			path = Handlers;
			sourceTree = "<group>";
		};
/* End PBXGroup section */

/* Begin PBXNativeTarget section */
		B92782BD2BDD9F8000D13808 /* BookingSenseTests */ = {
			isa = PBXNativeTarget;
			buildConfigurationList = B92782C42BDD9F8000D13808 /* Build configuration list for PBXNativeTarget "BookingSenseTests" */;
			buildPhases = (
				B92782BA2BDD9F8000D13808 /* Sources */,
				B92782BB2BDD9F8000D13808 /* Frameworks */,
				B92782BC2BDD9F8000D13808 /* Resources */,
			);
			buildRules = (
			);
			dependencies = (
				B92782C32BDD9F8000D13808 /* PBXTargetDependency */,
			);
			name = BookingSenseTests;
			productName = ExpenseSenseTests;
			productReference = B92782BE2BDD9F8000D13808 /* BookingSenseTests.xctest */;
			productType = "com.apple.product-type.bundle.unit-test";
		};
		B92782EF2BDE779700D13808 /* BookingSenseUITests */ = {
			isa = PBXNativeTarget;
			buildConfigurationList = B92782F82BDE779700D13808 /* Build configuration list for PBXNativeTarget "BookingSenseUITests" */;
			buildPhases = (
				B92782EC2BDE779700D13808 /* Sources */,
				B92782ED2BDE779700D13808 /* Frameworks */,
				B92782EE2BDE779700D13808 /* Resources */,
			);
			buildRules = (
			);
			dependencies = (
				B92782F72BDE779700D13808 /* PBXTargetDependency */,
			);
			name = BookingSenseUITests;
			productName = ExpenseSenseUITests;
			productReference = B92782F02BDE779700D13808 /* BookingSenseUITests.xctest */;
			productType = "com.apple.product-type.bundle.ui-testing";
		};
		B9DAFAD02BA8AFAF000486EA /* BookingSense */ = {
			isa = PBXNativeTarget;
			buildConfigurationList = B9DAFAE22BA8AFAF000486EA /* Build configuration list for PBXNativeTarget "BookingSense" */;
			buildPhases = (
				B9DAFACD2BA8AFAF000486EA /* Sources */,
				B9DAFACE2BA8AFAF000486EA /* Frameworks */,
				B9DAFACF2BA8AFAF000486EA /* Resources */,
				B919B4AB2BC6B1F5009B2FA4 /* ShellScript */,
			);
			buildRules = (
			);
			dependencies = (
			);
			name = BookingSense;
			packageProductDependencies = (
				B92BC36E2C401DCE00019A62 /* MijickPopupView */,
			);
			productName = ExpenseSense;
			productReference = B9DAFAD12BA8AFAF000486EA /* BookingSense.app */;
			productType = "com.apple.product-type.application";
		};
/* End PBXNativeTarget section */

/* Begin PBXProject section */
		B9DAFAC92BA8AFAF000486EA /* Project object */ = {
			isa = PBXProject;
			attributes = {
				BuildIndependentTargetsInParallel = 1;
				LastSwiftUpdateCheck = 1530;
				LastUpgradeCheck = 1540;
				TargetAttributes = {
					B92782BD2BDD9F8000D13808 = {
						CreatedOnToolsVersion = 15.3;
						TestTargetID = B9DAFAD02BA8AFAF000486EA;
					};
					B92782EF2BDE779700D13808 = {
						CreatedOnToolsVersion = 15.3;
						TestTargetID = B9DAFAD02BA8AFAF000486EA;
					};
					B9DAFAD02BA8AFAF000486EA = {
						CreatedOnToolsVersion = 15.3;
					};
				};
			};
			buildConfigurationList = B9DAFACC2BA8AFAF000486EA /* Build configuration list for PBXProject "BookingSense" */;
			compatibilityVersion = "Xcode 14.0";
			developmentRegion = en;
			hasScannedForEncodings = 0;
			knownRegions = (
				en,
				de,
				Base,
			);
			mainGroup = B9DAFAC82BA8AFAF000486EA;
			packageReferences = (
				B919B4A82BC6B1B2009B2FA4 /* XCRemoteSwiftPackageReference "SwiftLint" */,
				B92BC36D2C401DCE00019A62 /* XCRemoteSwiftPackageReference "PopupView" */,
			);
			productRefGroup = B9DAFAD22BA8AFAF000486EA /* Products */;
			projectDirPath = "";
			projectRoot = "";
			targets = (
				B9DAFAD02BA8AFAF000486EA /* BookingSense */,
				B92782BD2BDD9F8000D13808 /* BookingSenseTests */,
				B92782EF2BDE779700D13808 /* BookingSenseUITests */,
			);
		};
/* End PBXProject section */

/* Begin PBXResourcesBuildPhase section */
		B92782BC2BDD9F8000D13808 /* Resources */ = {
			isa = PBXResourcesBuildPhase;
			buildActionMask = 2147483647;
			files = (
			);
			runOnlyForDeploymentPostprocessing = 0;
		};
		B92782EE2BDE779700D13808 /* Resources */ = {
			isa = PBXResourcesBuildPhase;
			buildActionMask = 2147483647;
			files = (
				B92C53B32BDFED590029E759 /* Localizable.xcstrings in Resources */,
			);
			runOnlyForDeploymentPostprocessing = 0;
		};
		B9DAFACF2BA8AFAF000486EA /* Resources */ = {
			isa = PBXResourcesBuildPhase;
			buildActionMask = 2147483647;
			files = (
				B9B8212B2BF244EB00CEDE43 /* Settings.bundle in Resources */,
				B9DAFADF2BA8AFAF000486EA /* Preview Assets.xcassets in Resources */,
				B95E95592C40702700B62A64 /* bookingSenseIconFinalDark.png in Resources */,
				B95E955A2C40702700B62A64 /* bookingSenseIconFinalTint.png in Resources */,
				B95E955B2C40702700B62A64 /* bookingSenseIconFinal.png in Resources */,
				B9D0ACC62CA995100051F6DC /* IAP.storekit in Resources */,
				B9DAFADB2BA8AFAF000486EA /* Assets.xcassets in Resources */,
				B99284B32C0F090400CB6404 /* LaunchScreen.storyboard in Resources */,
				B9D534132BD2903500C3355F /* Localizable.xcstrings in Resources */,
				B997384F2C4079DA00897AFD /* BookingSenseIconFinalLight.png in Resources */,
			);
			runOnlyForDeploymentPostprocessing = 0;
		};
/* End PBXResourcesBuildPhase section */

/* Begin PBXShellScriptBuildPhase section */
		B919B4AB2BC6B1F5009B2FA4 /* ShellScript */ = {
			isa = PBXShellScriptBuildPhase;
			alwaysOutOfDate = 1;
			buildActionMask = 12;
			files = (
			);
			inputFileListPaths = (
			);
			inputPaths = (
			);
			outputFileListPaths = (
			);
			outputPaths = (
			);
			runOnlyForDeploymentPostprocessing = 0;
			shellPath = /bin/sh;
			shellScript = "if [[ \"$(uname -m)\" == arm64 ]]; then\n    export PATH=\"/opt/homebrew/bin:$PATH\"\nfi\n\nif which swiftlint > /dev/null; then\n  swiftlint\nelse\n  echo \"warning: SwiftLint not installed, download from https://github.com/realm/SwiftLint\"\nfi\n";
		};
/* End PBXShellScriptBuildPhase section */

/* Begin PBXSourcesBuildPhase section */
		B92782BA2BDD9F8000D13808 /* Sources */ = {
			isa = PBXSourcesBuildPhase;
			buildActionMask = 2147483647;
			files = (
				B92782CE2BDE554000D13808 /* ContentViewTests.swift in Sources */,
				B92782C12BDD9F8000D13808 /* ContainerFactoryTests.swift in Sources */,
				B92782D02BDE631A00D13808 /* IntervalTests.swift in Sources */,
				B92782C82BDD9F9D00D13808 /* ConstantsTests.swift in Sources */,
				B9E2D0192BDE87FE0001B391 /* MockContainer.swift in Sources */,
			);
			runOnlyForDeploymentPostprocessing = 0;
		};
		B92782EC2BDE779700D13808 /* Sources */ = {
			isa = PBXSourcesBuildPhase;
			buildActionMask = 2147483647;
			files = (
				B92782F52BDE779700D13808 /* BookingSenseUITestsLaunchTests.swift in Sources */,
				B90B2B452BE5069700BD2042 /* EmptyNavigationStackUITest.swift in Sources */,
				B90B2B412BE4E88400BD2042 /* FilledNavigationStackUITest.swift in Sources */,
				B92782F32BDE779700D13808 /* BookingSenseUITests.swift in Sources */,
				B90B2B472BE91AC600BD2042 /* TestHelper.swift in Sources */,
			);
			runOnlyForDeploymentPostprocessing = 0;
		};
		B9DAFACD2BA8AFAF000486EA /* Sources */ = {
			isa = PBXSourcesBuildPhase;
			buildActionMask = 2147483647;
			files = (
				B927D3FA2CE7FACC006B1B19 /* PurchaseStatus.swift in Sources */,
				B90D3D0F2C19D97D00133857 /* IntervalInsightsView.swift in Sources */,
				B9383A052CD69A4800AAB674 /* TimelineEntryView.swift in Sources */,
				B99206092BDA96090099EF26 /* ToolbarEntry.swift in Sources */,
				B991E2482CDFB28E0031288B /* BookingFilterDialog.swift in Sources */,
				B96761CD2C34A77B00DA9114 /* MailView.swift in Sources */,
				B907587B2C13479300EDC82F /* ContentView.swift in Sources */,
				B9CC1BC62CD8C9540048670A /* BookingSortOrder.swift in Sources */,
				B927D3F52CE7EA61006B1B19 /* PurchaseStatusTaskModifier.swift in Sources */,
				B9FEC3D42CAD4A32009DD4A0 /* PurchaseHandler.swift in Sources */,
				B9CC1BC02CD838C90048670A /* TimelineListView.swift in Sources */,
				B915DC452BB4644A0018E812 /* Interval.swift in Sources */,
				B9CC1BB82CD7BB110048670A /* TimelineContentListView.swift in Sources */,
				B927D3F32CE7E7ED006B1B19 /* PurchaseHandlerViewModifier.swift in Sources */,
				B90B2B432BE504A200BD2042 /* NavigationStackContentView.swift in Sources */,
				B9CC1BC22CD8C8DB0048670A /* BookingSortByEnum.swift in Sources */,
				B92BC3712C401E7400019A62 /* ResetHintsTopPopUp.swift in Sources */,
				B927FB232C26CD49008D30BE /* ToolbarAddTip.swift in Sources */,
				B96761D92C371F2300DA9114 /* BookingsList.swift in Sources */,
				B96F6E192C41296E00132B50 /* BookingInfoPopUp.swift in Sources */,
				B9781EAB2C2EB8AF00FBA0A5 /* SettingsNavigationStackView.swift in Sources */,
				B991E24A2CE0FF890031288B /* TagsListView.swift in Sources */,
				B96761D52C36BCCD00DA9114 /* TipJarView.swift in Sources */,
				B9CC1BBE2CD830190048670A /* TimeFilterDialog.swift in Sources */,
				B91002C82CC796FF00BECF87 /* BiometricHandler.swift in Sources */,
				B95981FC2BE3898B00578A9C /* BookingSectionView.swift in Sources */,
				B9E0B9122C1B98230047EA77 /* InfoBoxButtonView.swift in Sources */,
				B93839FE2CD4E81D00AAB674 /* TimelineEntryState.swift in Sources */,
				B97378FD2BDFC7D1003A729E /* Migrations.swift in Sources */,
				B99205FC2BD90F780099EF26 /* AppStates.swift in Sources */,
				B97378F82BDFC11E003A729E /* ContainerFactory.swift in Sources */,
				B99205FF2BD90FAD0099EF26 /* SortButtonView.swift in Sources */,
				B93839F72CD26FCD00AAB674 /* JsonTag.swift in Sources */,
				B9F4E0352CB2BB5700A12762 /* ChartsView.swift in Sources */,
				B96761D02C358B0F00DA9114 /* ContactButtons.swift in Sources */,
				B9DAFAD52BA8AFAF000486EA /* BookingSenseApp.swift in Sources */,
				B980A2022CC139E00075AE8F /* ChartView.swift in Sources */,
				B95981FA2BE3890500578A9C /* BookingNavigationStackView.swift in Sources */,
				B93839F52CD26FC400AAB674 /* JsonBookingEntry.swift in Sources */,
				B93839FC2CD3F4E300AAB674 /* TimelineView.swift in Sources */,
				B9DE5B7F2BC6E7740017ACF4 /* BookingType.swift in Sources */,
				B9E4ABF22BF6438E00E96330 /* InfoView.swift in Sources */,
				B93839F12CD2612E00AAB674 /* BookingSchemaV3.swift in Sources */,
				B9383A002CD506B000AAB674 /* BookingEntryState.swift in Sources */,
				B991E2622CE4F8190031288B /* AmountPrefix.swift in Sources */,
				B9BB9D6E2CAAE96C0057573B /* ThankYouPopUp.swift in Sources */,
				B99206072BDA806E0099EF26 /* ToolbarEntryList.swift in Sources */,
				B992060B2BDA96D80099EF26 /* EntryFormView.swift in Sources */,
				B93839F92CD26FD400AAB674 /* JsonTimelineEntry.swift in Sources */,
				B991E24E2CE16B020031288B /* FeaturesPageView.swift in Sources */,
				B991E24C2CE101310031288B /* TagFormView.swift in Sources */,
				B991E2502CE40B9A0031288B /* BookingSchemaV4.swift in Sources */,
				B93F74012BF39F91008A5088 /* AdditionalInfoView.swift in Sources */,
				B991E2462CDF98150031288B /* DoneOnDialog.swift in Sources */,
				B915DC492BB46E350018E812 /* OverviewView.swift in Sources */,
				B92D6F652CC006C4000A2697 /* ChartModels.swift in Sources */,
				B919B4A22BC6AA47009B2FA4 /* EntryView.swift in Sources */,
				B991E2432CDECB8A0031288B /* ToolbarTagEntry.swift in Sources */,
				B9CC1BB62CD7902E0048670A /* ToolbarTimelineContent.swift in Sources */,
				B927D3F82CE7EB2F006B1B19 /* PurchaseIdentifiers.swift in Sources */,
				B927FB292C2C386D008D30BE /* ToolbarOverviewList.swift in Sources */,
				B922EBEC2CCAED5F00D51C0B /* BookingSchemaV2.swift in Sources */,
				B915DC4F2BB479190018E812 /* Constants.swift in Sources */,
				B96761D22C3591BC00DA9114 /* ExportImportButtons.swift in Sources */,
				B97378FA2BDFC569003A729E /* BookingSchemaV1.swift in Sources */,
			);
			runOnlyForDeploymentPostprocessing = 0;
		};
/* End PBXSourcesBuildPhase section */

/* Begin PBXTargetDependency section */
		B92782C32BDD9F8000D13808 /* PBXTargetDependency */ = {
			isa = PBXTargetDependency;
			target = B9DAFAD02BA8AFAF000486EA /* BookingSense */;
			targetProxy = B92782C22BDD9F8000D13808 /* PBXContainerItemProxy */;
		};
		B92782F72BDE779700D13808 /* PBXTargetDependency */ = {
			isa = PBXTargetDependency;
			target = B9DAFAD02BA8AFAF000486EA /* BookingSense */;
			targetProxy = B92782F62BDE779700D13808 /* PBXContainerItemProxy */;
		};
/* End PBXTargetDependency section */

/* Begin XCBuildConfiguration section */
		B92782C52BDD9F8000D13808 /* Debug */ = {
			isa = XCBuildConfiguration;
			buildSettings = {
				BUNDLE_LOADER = "$(TEST_HOST)";
				CODE_SIGN_STYLE = Automatic;
				CURRENT_PROJECT_VERSION = 1;
				DEAD_CODE_STRIPPING = YES;
				DEVELOPMENT_TEAM = 5LGL268AY8;
				GENERATE_INFOPLIST_FILE = YES;
				IPHONEOS_DEPLOYMENT_TARGET = 18.0;
				MACOSX_DEPLOYMENT_TARGET = 14.4;
				MARKETING_VERSION = 1.0;
				PRODUCT_BUNDLE_IDENTIFIER = com.chill.ExpenseSenseTests;
				PRODUCT_NAME = "$(TARGET_NAME)";
				SDKROOT = auto;
				SUPPORTED_PLATFORMS = "iphoneos iphonesimulator";
				SUPPORTS_MACCATALYST = NO;
				SWIFT_EMIT_LOC_STRINGS = NO;
				SWIFT_VERSION = 5.0;
				TARGETED_DEVICE_FAMILY = 1;
				TEST_HOST = "$(BUILT_PRODUCTS_DIR)/BookingSense.app/$(BUNDLE_EXECUTABLE_FOLDER_PATH)/BookingSense";
			};
			name = Debug;
		};
		B92782C62BDD9F8000D13808 /* Release */ = {
			isa = XCBuildConfiguration;
			buildSettings = {
				BUNDLE_LOADER = "$(TEST_HOST)";
				CODE_SIGN_STYLE = Automatic;
				CURRENT_PROJECT_VERSION = 1;
				DEAD_CODE_STRIPPING = YES;
				DEVELOPMENT_TEAM = 5LGL268AY8;
				GENERATE_INFOPLIST_FILE = YES;
				IPHONEOS_DEPLOYMENT_TARGET = 18.0;
				MACOSX_DEPLOYMENT_TARGET = 14.4;
				MARKETING_VERSION = 1.0;
				PRODUCT_BUNDLE_IDENTIFIER = com.chill.ExpenseSenseTests;
				PRODUCT_NAME = "$(TARGET_NAME)";
				SDKROOT = auto;
				SUPPORTED_PLATFORMS = "iphoneos iphonesimulator";
				SUPPORTS_MACCATALYST = NO;
				SWIFT_EMIT_LOC_STRINGS = NO;
				SWIFT_VERSION = 5.0;
				TARGETED_DEVICE_FAMILY = 1;
				TEST_HOST = "$(BUILT_PRODUCTS_DIR)/BookingSense.app/$(BUNDLE_EXECUTABLE_FOLDER_PATH)/BookingSense";
			};
			name = Release;
		};
		B92782F92BDE779700D13808 /* Debug */ = {
			isa = XCBuildConfiguration;
			buildSettings = {
				CODE_SIGN_STYLE = Automatic;
				CURRENT_PROJECT_VERSION = 1;
				DEAD_CODE_STRIPPING = YES;
				DEVELOPMENT_TEAM = 5LGL268AY8;
				GENERATE_INFOPLIST_FILE = YES;
				IPHONEOS_DEPLOYMENT_TARGET = 18.0;
				MACOSX_DEPLOYMENT_TARGET = 14.4;
				MARKETING_VERSION = 1.0;
				PRODUCT_BUNDLE_IDENTIFIER = com.chill.ExpenseSenseUITests;
				PRODUCT_NAME = "$(TARGET_NAME)";
				PROVISIONING_PROFILE = "";
				SDKROOT = auto;
				SUPPORTED_PLATFORMS = "iphoneos iphonesimulator";
				SUPPORTS_MACCATALYST = NO;
				SWIFT_EMIT_LOC_STRINGS = NO;
				SWIFT_VERSION = 5.0;
				TARGETED_DEVICE_FAMILY = 1;
				TEST_TARGET_NAME = BookingSense;
			};
			name = Debug;
		};
		B92782FA2BDE779700D13808 /* Release */ = {
			isa = XCBuildConfiguration;
			buildSettings = {
				CODE_SIGN_STYLE = Automatic;
				CURRENT_PROJECT_VERSION = 1;
				DEAD_CODE_STRIPPING = YES;
				DEVELOPMENT_TEAM = 5LGL268AY8;
				GENERATE_INFOPLIST_FILE = YES;
				IPHONEOS_DEPLOYMENT_TARGET = 18.0;
				MACOSX_DEPLOYMENT_TARGET = 14.4;
				MARKETING_VERSION = 1.0;
				PRODUCT_BUNDLE_IDENTIFIER = com.chill.ExpenseSenseUITests;
				PRODUCT_NAME = "$(TARGET_NAME)";
				PROVISIONING_PROFILE = "";
				SDKROOT = auto;
				SUPPORTED_PLATFORMS = "iphoneos iphonesimulator";
				SUPPORTS_MACCATALYST = NO;
				SWIFT_EMIT_LOC_STRINGS = NO;
				SWIFT_VERSION = 5.0;
				TARGETED_DEVICE_FAMILY = 1;
				TEST_TARGET_NAME = BookingSense;
			};
			name = Release;
		};
		B9DAFAE02BA8AFAF000486EA /* Debug */ = {
			isa = XCBuildConfiguration;
			buildSettings = {
				ALWAYS_SEARCH_USER_PATHS = NO;
				ASSETCATALOG_COMPILER_GENERATE_SWIFT_ASSET_SYMBOL_EXTENSIONS = YES;
				CLANG_ANALYZER_LOCALIZABILITY_NONLOCALIZED = YES;
				CLANG_ANALYZER_NONNULL = YES;
				CLANG_ANALYZER_NUMBER_OBJECT_CONVERSION = YES_AGGRESSIVE;
				CLANG_CXX_LANGUAGE_STANDARD = "gnu++20";
				CLANG_ENABLE_MODULES = YES;
				CLANG_ENABLE_OBJC_ARC = YES;
				CLANG_ENABLE_OBJC_WEAK = YES;
				CLANG_WARN_BLOCK_CAPTURE_AUTORELEASING = YES;
				CLANG_WARN_BOOL_CONVERSION = YES;
				CLANG_WARN_COMMA = YES;
				CLANG_WARN_CONSTANT_CONVERSION = YES;
				CLANG_WARN_DEPRECATED_OBJC_IMPLEMENTATIONS = YES;
				CLANG_WARN_DIRECT_OBJC_ISA_USAGE = YES_ERROR;
				CLANG_WARN_DOCUMENTATION_COMMENTS = YES;
				CLANG_WARN_EMPTY_BODY = YES;
				CLANG_WARN_ENUM_CONVERSION = YES;
				CLANG_WARN_INFINITE_RECURSION = YES;
				CLANG_WARN_INT_CONVERSION = YES;
				CLANG_WARN_NON_LITERAL_NULL_CONVERSION = YES;
				CLANG_WARN_OBJC_IMPLICIT_RETAIN_SELF = YES;
				CLANG_WARN_OBJC_LITERAL_CONVERSION = YES;
				CLANG_WARN_OBJC_ROOT_CLASS = YES_ERROR;
				CLANG_WARN_QUOTED_INCLUDE_IN_FRAMEWORK_HEADER = YES;
				CLANG_WARN_RANGE_LOOP_ANALYSIS = YES;
				CLANG_WARN_STRICT_PROTOTYPES = YES;
				CLANG_WARN_SUSPICIOUS_MOVE = YES;
				CLANG_WARN_UNGUARDED_AVAILABILITY = YES_AGGRESSIVE;
				CLANG_WARN_UNREACHABLE_CODE = YES;
				CLANG_WARN__DUPLICATE_METHOD_MATCH = YES;
				COPY_PHASE_STRIP = NO;
				DEAD_CODE_STRIPPING = YES;
				DEBUG_INFORMATION_FORMAT = dwarf;
				ENABLE_STRICT_OBJC_MSGSEND = YES;
				ENABLE_TESTABILITY = YES;
				ENABLE_USER_SCRIPT_SANDBOXING = YES;
				GCC_C_LANGUAGE_STANDARD = gnu17;
				GCC_DYNAMIC_NO_PIC = NO;
				GCC_NO_COMMON_BLOCKS = YES;
				GCC_OPTIMIZATION_LEVEL = 0;
				GCC_PREPROCESSOR_DEFINITIONS = (
					"DEBUG=1",
					"$(inherited)",
				);
				GCC_WARN_64_TO_32_BIT_CONVERSION = YES;
				GCC_WARN_ABOUT_RETURN_TYPE = YES_ERROR;
				GCC_WARN_UNDECLARED_SELECTOR = YES;
				GCC_WARN_UNINITIALIZED_AUTOS = YES_AGGRESSIVE;
				GCC_WARN_UNUSED_FUNCTION = YES;
				GCC_WARN_UNUSED_VARIABLE = YES;
				LOCALIZATION_PREFERS_STRING_CATALOGS = YES;
				MTL_ENABLE_DEBUG_INFO = INCLUDE_SOURCE;
				MTL_FAST_MATH = YES;
				ONLY_ACTIVE_ARCH = YES;
				SWIFT_ACTIVE_COMPILATION_CONDITIONS = "DEBUG $(inherited)";
				SWIFT_OPTIMIZATION_LEVEL = "-Onone";
			};
			name = Debug;
		};
		B9DAFAE12BA8AFAF000486EA /* Release */ = {
			isa = XCBuildConfiguration;
			buildSettings = {
				ALWAYS_SEARCH_USER_PATHS = NO;
				ASSETCATALOG_COMPILER_GENERATE_SWIFT_ASSET_SYMBOL_EXTENSIONS = YES;
				CLANG_ANALYZER_LOCALIZABILITY_NONLOCALIZED = YES;
				CLANG_ANALYZER_NONNULL = YES;
				CLANG_ANALYZER_NUMBER_OBJECT_CONVERSION = YES_AGGRESSIVE;
				CLANG_CXX_LANGUAGE_STANDARD = "gnu++20";
				CLANG_ENABLE_MODULES = YES;
				CLANG_ENABLE_OBJC_ARC = YES;
				CLANG_ENABLE_OBJC_WEAK = YES;
				CLANG_WARN_BLOCK_CAPTURE_AUTORELEASING = YES;
				CLANG_WARN_BOOL_CONVERSION = YES;
				CLANG_WARN_COMMA = YES;
				CLANG_WARN_CONSTANT_CONVERSION = YES;
				CLANG_WARN_DEPRECATED_OBJC_IMPLEMENTATIONS = YES;
				CLANG_WARN_DIRECT_OBJC_ISA_USAGE = YES_ERROR;
				CLANG_WARN_DOCUMENTATION_COMMENTS = YES;
				CLANG_WARN_EMPTY_BODY = YES;
				CLANG_WARN_ENUM_CONVERSION = YES;
				CLANG_WARN_INFINITE_RECURSION = YES;
				CLANG_WARN_INT_CONVERSION = YES;
				CLANG_WARN_NON_LITERAL_NULL_CONVERSION = YES;
				CLANG_WARN_OBJC_IMPLICIT_RETAIN_SELF = YES;
				CLANG_WARN_OBJC_LITERAL_CONVERSION = YES;
				CLANG_WARN_OBJC_ROOT_CLASS = YES_ERROR;
				CLANG_WARN_QUOTED_INCLUDE_IN_FRAMEWORK_HEADER = YES;
				CLANG_WARN_RANGE_LOOP_ANALYSIS = YES;
				CLANG_WARN_STRICT_PROTOTYPES = YES;
				CLANG_WARN_SUSPICIOUS_MOVE = YES;
				CLANG_WARN_UNGUARDED_AVAILABILITY = YES_AGGRESSIVE;
				CLANG_WARN_UNREACHABLE_CODE = YES;
				CLANG_WARN__DUPLICATE_METHOD_MATCH = YES;
				COPY_PHASE_STRIP = NO;
				DEAD_CODE_STRIPPING = YES;
				DEBUG_INFORMATION_FORMAT = "dwarf-with-dsym";
				ENABLE_NS_ASSERTIONS = NO;
				ENABLE_STRICT_OBJC_MSGSEND = YES;
				ENABLE_USER_SCRIPT_SANDBOXING = YES;
				GCC_C_LANGUAGE_STANDARD = gnu17;
				GCC_NO_COMMON_BLOCKS = YES;
				GCC_WARN_64_TO_32_BIT_CONVERSION = YES;
				GCC_WARN_ABOUT_RETURN_TYPE = YES_ERROR;
				GCC_WARN_UNDECLARED_SELECTOR = YES;
				GCC_WARN_UNINITIALIZED_AUTOS = YES_AGGRESSIVE;
				GCC_WARN_UNUSED_FUNCTION = YES;
				GCC_WARN_UNUSED_VARIABLE = YES;
				LOCALIZATION_PREFERS_STRING_CATALOGS = YES;
				MTL_ENABLE_DEBUG_INFO = NO;
				MTL_FAST_MATH = YES;
				SWIFT_COMPILATION_MODE = wholemodule;
			};
			name = Release;
		};
		B9DAFAE32BA8AFAF000486EA /* Debug */ = {
			isa = XCBuildConfiguration;
			buildSettings = {
				ASSETCATALOG_COMPILER_APPICON_NAME = AppIcon;
				ASSETCATALOG_COMPILER_GLOBAL_ACCENT_COLOR_NAME = AccentColor;
				ASSETCATALOG_COMPILER_INCLUDE_ALL_APPICON_ASSETS = NO;
				CODE_SIGN_ENTITLEMENTS = resources/ExpenseSense.entitlements;
				CODE_SIGN_IDENTITY = "Apple Development";
				CODE_SIGN_STYLE = Automatic;
				CURRENT_PROJECT_VERSION = 1;
				DEAD_CODE_STRIPPING = YES;
				DEVELOPMENT_ASSET_PATHS = "\"Preview Content\"";
				DEVELOPMENT_TEAM = 5LGL268AY8;
				ENABLE_HARDENED_RUNTIME = YES;
				ENABLE_PREVIEWS = YES;
				ENABLE_USER_SCRIPT_SANDBOXING = NO;
				GENERATE_INFOPLIST_FILE = YES;
				INFOPLIST_FILE = "BookingSense-Info.plist";
				INFOPLIST_KEY_CFBundleDisplayName = BookingSense;
				INFOPLIST_KEY_LSApplicationCategoryType = "public.app-category.finance";
				"INFOPLIST_KEY_UIApplicationSceneManifest_Generation[sdk=iphoneos*]" = YES;
				"INFOPLIST_KEY_UIApplicationSceneManifest_Generation[sdk=iphonesimulator*]" = YES;
				"INFOPLIST_KEY_UIApplicationSupportsIndirectInputEvents[sdk=iphoneos*]" = YES;
				"INFOPLIST_KEY_UIApplicationSupportsIndirectInputEvents[sdk=iphonesimulator*]" = YES;
				"INFOPLIST_KEY_UILaunchScreen_Generation[sdk=iphoneos*]" = YES;
				"INFOPLIST_KEY_UILaunchScreen_Generation[sdk=iphonesimulator*]" = YES;
				INFOPLIST_KEY_UILaunchStoryboardName = LaunchScreen.storyboard;
				"INFOPLIST_KEY_UIStatusBarStyle[sdk=iphoneos*]" = UIStatusBarStyleDefault;
				"INFOPLIST_KEY_UIStatusBarStyle[sdk=iphonesimulator*]" = UIStatusBarStyleDefault;
				INFOPLIST_KEY_UISupportedInterfaceOrientations = UIInterfaceOrientationPortrait;
				INFOPLIST_KEY_UISupportedInterfaceOrientations_iPad = "UIInterfaceOrientationLandscapeLeft UIInterfaceOrientationLandscapeRight UIInterfaceOrientationPortrait UIInterfaceOrientationPortraitUpsideDown";
				IPHONEOS_DEPLOYMENT_TARGET = 18.0;
				LD_RUNPATH_SEARCH_PATHS = "@executable_path/Frameworks";
				"LD_RUNPATH_SEARCH_PATHS[sdk=macosx*]" = "@executable_path/../Frameworks";
				MACOSX_DEPLOYMENT_TARGET = 14.4;
				MARKETING_VERSION = 1.6.0;
				PRODUCT_BUNDLE_IDENTIFIER = com.chill.BookingSense;
				PRODUCT_NAME = "$(TARGET_NAME)";
				PROVISIONING_PROFILE_SPECIFIER = "";
				SDKROOT = auto;
				SUPPORTED_PLATFORMS = "iphoneos iphonesimulator";
				SUPPORTS_MACCATALYST = NO;
				SWIFT_EMIT_LOC_STRINGS = YES;
				SWIFT_VERSION = 5.0;
				TARGETED_DEVICE_FAMILY = "1,2";
			};
			name = Debug;
		};
		B9DAFAE42BA8AFAF000486EA /* Release */ = {
			isa = XCBuildConfiguration;
			buildSettings = {
				ASSETCATALOG_COMPILER_APPICON_NAME = AppIcon;
				ASSETCATALOG_COMPILER_GLOBAL_ACCENT_COLOR_NAME = AccentColor;
				ASSETCATALOG_COMPILER_INCLUDE_ALL_APPICON_ASSETS = NO;
				CODE_SIGN_ENTITLEMENTS = resources/ExpenseSense.entitlements;
				CODE_SIGN_IDENTITY = "Apple Development";
				CODE_SIGN_STYLE = Automatic;
				CURRENT_PROJECT_VERSION = 1;
				DEAD_CODE_STRIPPING = YES;
				DEVELOPMENT_ASSET_PATHS = "\"Preview Content\"";
				DEVELOPMENT_TEAM = 5LGL268AY8;
				ENABLE_HARDENED_RUNTIME = YES;
				ENABLE_PREVIEWS = YES;
				ENABLE_USER_SCRIPT_SANDBOXING = NO;
				GENERATE_INFOPLIST_FILE = YES;
				INFOPLIST_FILE = "BookingSense-Info.plist";
				INFOPLIST_KEY_CFBundleDisplayName = BookingSense;
				INFOPLIST_KEY_LSApplicationCategoryType = "public.app-category.finance";
				"INFOPLIST_KEY_UIApplicationSceneManifest_Generation[sdk=iphoneos*]" = YES;
				"INFOPLIST_KEY_UIApplicationSceneManifest_Generation[sdk=iphonesimulator*]" = YES;
				"INFOPLIST_KEY_UIApplicationSupportsIndirectInputEvents[sdk=iphoneos*]" = YES;
				"INFOPLIST_KEY_UIApplicationSupportsIndirectInputEvents[sdk=iphonesimulator*]" = YES;
				"INFOPLIST_KEY_UILaunchScreen_Generation[sdk=iphoneos*]" = YES;
				"INFOPLIST_KEY_UILaunchScreen_Generation[sdk=iphonesimulator*]" = YES;
				INFOPLIST_KEY_UILaunchStoryboardName = LaunchScreen.storyboard;
				"INFOPLIST_KEY_UIStatusBarStyle[sdk=iphoneos*]" = UIStatusBarStyleDefault;
				"INFOPLIST_KEY_UIStatusBarStyle[sdk=iphonesimulator*]" = UIStatusBarStyleDefault;
				INFOPLIST_KEY_UISupportedInterfaceOrientations = UIInterfaceOrientationPortrait;
				INFOPLIST_KEY_UISupportedInterfaceOrientations_iPad = "UIInterfaceOrientationLandscapeLeft UIInterfaceOrientationLandscapeRight UIInterfaceOrientationPortrait UIInterfaceOrientationPortraitUpsideDown";
				IPHONEOS_DEPLOYMENT_TARGET = 18.0;
				LD_RUNPATH_SEARCH_PATHS = "@executable_path/Frameworks";
				"LD_RUNPATH_SEARCH_PATHS[sdk=macosx*]" = "@executable_path/../Frameworks";
				MACOSX_DEPLOYMENT_TARGET = 14.4;
				MARKETING_VERSION = 1.6.0;
				PRODUCT_BUNDLE_IDENTIFIER = com.chill.BookingSense;
				PRODUCT_NAME = "$(TARGET_NAME)";
				PROVISIONING_PROFILE_SPECIFIER = "";
				SDKROOT = auto;
				SUPPORTED_PLATFORMS = "iphoneos iphonesimulator";
				SUPPORTS_MACCATALYST = NO;
				SWIFT_EMIT_LOC_STRINGS = YES;
				SWIFT_VERSION = 5.0;
				TARGETED_DEVICE_FAMILY = "1,2";
			};
			name = Release;
		};
/* End XCBuildConfiguration section */

/* Begin XCConfigurationList section */
		B92782C42BDD9F8000D13808 /* Build configuration list for PBXNativeTarget "BookingSenseTests" */ = {
			isa = XCConfigurationList;
			buildConfigurations = (
				B92782C52BDD9F8000D13808 /* Debug */,
				B92782C62BDD9F8000D13808 /* Release */,
			);
			defaultConfigurationIsVisible = 0;
			defaultConfigurationName = Release;
		};
		B92782F82BDE779700D13808 /* Build configuration list for PBXNativeTarget "BookingSenseUITests" */ = {
			isa = XCConfigurationList;
			buildConfigurations = (
				B92782F92BDE779700D13808 /* Debug */,
				B92782FA2BDE779700D13808 /* Release */,
			);
			defaultConfigurationIsVisible = 0;
			defaultConfigurationName = Release;
		};
		B9DAFACC2BA8AFAF000486EA /* Build configuration list for PBXProject "BookingSense" */ = {
			isa = XCConfigurationList;
			buildConfigurations = (
				B9DAFAE02BA8AFAF000486EA /* Debug */,
				B9DAFAE12BA8AFAF000486EA /* Release */,
			);
			defaultConfigurationIsVisible = 0;
			defaultConfigurationName = Release;
		};
		B9DAFAE22BA8AFAF000486EA /* Build configuration list for PBXNativeTarget "BookingSense" */ = {
			isa = XCConfigurationList;
			buildConfigurations = (
				B9DAFAE32BA8AFAF000486EA /* Debug */,
				B9DAFAE42BA8AFAF000486EA /* Release */,
			);
			defaultConfigurationIsVisible = 0;
			defaultConfigurationName = Release;
		};
/* End XCConfigurationList section */

/* Begin XCRemoteSwiftPackageReference section */
		B919B4A82BC6B1B2009B2FA4 /* XCRemoteSwiftPackageReference "SwiftLint" */ = {
			isa = XCRemoteSwiftPackageReference;
			repositoryURL = "https://github.com/realm/SwiftLint.git";
			requirement = {
				kind = upToNextMajorVersion;
				minimumVersion = 0.54.0;
			};
		};
		B92BC36D2C401DCE00019A62 /* XCRemoteSwiftPackageReference "PopupView" */ = {
			isa = XCRemoteSwiftPackageReference;
			repositoryURL = "https://github.com/Mijick/PopupView.git";
			requirement = {
				kind = upToNextMajorVersion;
				minimumVersion = 2.5.0;
			};
		};
/* End XCRemoteSwiftPackageReference section */

/* Begin XCSwiftPackageProductDependency section */
		B92BC36E2C401DCE00019A62 /* MijickPopupView */ = {
			isa = XCSwiftPackageProductDependency;
			package = B92BC36D2C401DCE00019A62 /* XCRemoteSwiftPackageReference "PopupView" */;
			productName = MijickPopupView;
		};
/* End XCSwiftPackageProductDependency section */
	};
	rootObject = B9DAFAC92BA8AFAF000486EA /* Project object */;
}
