// !$*UTF8*$!
{
	archiveVersion = 1;
	classes = {
	};
	objectVersion = 56;
	objects = {

/* Begin PBXBuildFile section */
		B915DC412BB459260018E812 /* ExpenseEntry.swift in Sources */ = {isa = PBXBuildFile; fileRef = B915DC402BB459260018E812 /* ExpenseEntry.swift */; };
		B915DC452BB4644A0018E812 /* Interval.swift in Sources */ = {isa = PBXBuildFile; fileRef = B915DC442BB4644A0018E812 /* Interval.swift */; };
		B915DC472BB46B950018E812 /* ExpenseListView.swift in Sources */ = {isa = PBXBuildFile; fileRef = B915DC462BB46B950018E812 /* ExpenseListView.swift */; };
		B915DC492BB46E350018E812 /* OverviewView.swift in Sources */ = {isa = PBXBuildFile; fileRef = B915DC482BB46E350018E812 /* OverviewView.swift */; };
		B915DC4F2BB479190018E812 /* Constants.swift in Sources */ = {isa = PBXBuildFile; fileRef = B915DC4E2BB479180018E812 /* Constants.swift */; };
		B919B4A22BC6AA47009B2FA4 /* ExpenseEntryView.swift in Sources */ = {isa = PBXBuildFile; fileRef = B919B4A12BC6AA47009B2FA4 /* ExpenseEntryView.swift */; };
		B9DAFAD52BA8AFAF000486EA /* ExpenseSenseApp.swift in Sources */ = {isa = PBXBuildFile; fileRef = B9DAFAD42BA8AFAF000486EA /* ExpenseSenseApp.swift */; };
		B9DAFAD72BA8AFAF000486EA /* ContentView.swift in Sources */ = {isa = PBXBuildFile; fileRef = B9DAFAD62BA8AFAF000486EA /* ContentView.swift */; };
		B9DAFAD92BA8AFAF000486EA /* Item.swift in Sources */ = {isa = PBXBuildFile; fileRef = B9DAFAD82BA8AFAF000486EA /* Item.swift */; };
		B9DAFADB2BA8AFAF000486EA /* Assets.xcassets in Resources */ = {isa = PBXBuildFile; fileRef = B9DAFADA2BA8AFAF000486EA /* Assets.xcassets */; };
		B9DAFADF2BA8AFAF000486EA /* Preview Assets.xcassets in Resources */ = {isa = PBXBuildFile; fileRef = B9DAFADE2BA8AFAF000486EA /* Preview Assets.xcassets */; };
		B9DE5B7F2BC6E7740017ACF4 /* AmountPrefix.swift in Sources */ = {isa = PBXBuildFile; fileRef = B9DE5B7E2BC6E7740017ACF4 /* AmountPrefix.swift */; };
/* End PBXBuildFile section */

/* Begin PBXFileReference section */
		B915DC402BB459260018E812 /* ExpenseEntry.swift */ = {isa = PBXFileReference; lastKnownFileType = sourcecode.swift; path = ExpenseEntry.swift; sourceTree = "<group>"; };
		B915DC442BB4644A0018E812 /* Interval.swift */ = {isa = PBXFileReference; lastKnownFileType = sourcecode.swift; path = Interval.swift; sourceTree = "<group>"; };
		B915DC462BB46B950018E812 /* ExpenseListView.swift */ = {isa = PBXFileReference; lastKnownFileType = sourcecode.swift; path = ExpenseListView.swift; sourceTree = "<group>"; };
		B915DC482BB46E350018E812 /* OverviewView.swift */ = {isa = PBXFileReference; lastKnownFileType = sourcecode.swift; path = OverviewView.swift; sourceTree = "<group>"; };
		B915DC4E2BB479180018E812 /* Constants.swift */ = {isa = PBXFileReference; lastKnownFileType = sourcecode.swift; path = Constants.swift; sourceTree = "<group>"; };
		B919B4A12BC6AA47009B2FA4 /* ExpenseEntryView.swift */ = {isa = PBXFileReference; lastKnownFileType = sourcecode.swift; path = ExpenseEntryView.swift; sourceTree = "<group>"; };
		B9DAFAD12BA8AFAF000486EA /* ExpenseSense.app */ = {isa = PBXFileReference; explicitFileType = wrapper.application; includeInIndex = 0; path = ExpenseSense.app; sourceTree = BUILT_PRODUCTS_DIR; };
		B9DAFAD42BA8AFAF000486EA /* ExpenseSenseApp.swift */ = {isa = PBXFileReference; lastKnownFileType = sourcecode.swift; path = ExpenseSenseApp.swift; sourceTree = "<group>"; };
		B9DAFAD62BA8AFAF000486EA /* ContentView.swift */ = {isa = PBXFileReference; lastKnownFileType = sourcecode.swift; path = ContentView.swift; sourceTree = "<group>"; };
		B9DAFAD82BA8AFAF000486EA /* Item.swift */ = {isa = PBXFileReference; lastKnownFileType = sourcecode.swift; path = Item.swift; sourceTree = "<group>"; };
		B9DAFADA2BA8AFAF000486EA /* Assets.xcassets */ = {isa = PBXFileReference; lastKnownFileType = folder.assetcatalog; path = Assets.xcassets; sourceTree = "<group>"; };
		B9DAFADC2BA8AFAF000486EA /* ExpenseSense.entitlements */ = {isa = PBXFileReference; lastKnownFileType = text.plist.entitlements; path = ExpenseSense.entitlements; sourceTree = "<group>"; };
		B9DAFADE2BA8AFAF000486EA /* Preview Assets.xcassets */ = {isa = PBXFileReference; lastKnownFileType = folder.assetcatalog; path = "Preview Assets.xcassets"; sourceTree = "<group>"; };
		B9DE5B7E2BC6E7740017ACF4 /* AmountPrefix.swift */ = {isa = PBXFileReference; lastKnownFileType = sourcecode.swift; path = AmountPrefix.swift; sourceTree = "<group>"; };
/* End PBXFileReference section */

/* Begin PBXFrameworksBuildPhase section */
		B9DAFACE2BA8AFAF000486EA /* Frameworks */ = {
			isa = PBXFrameworksBuildPhase;
			buildActionMask = 2147483647;
			files = (
			);
			runOnlyForDeploymentPostprocessing = 0;
		};
/* End PBXFrameworksBuildPhase section */

/* Begin PBXGroup section */
		B915DC4C2BB46E790018E812 /* Views */ = {
			isa = PBXGroup;
			children = (
				B919B4A42BC6AAAA009B2FA4 /* Expenses */,
				B919B4A32BC6AAA3009B2FA4 /* Overview */,
			);
			path = Views;
			sourceTree = "<group>";
		};
		B915DC4D2BB46EA50018E812 /* Data */ = {
			isa = PBXGroup;
			children = (
				B915DC402BB459260018E812 /* ExpenseEntry.swift */,
				B915DC442BB4644A0018E812 /* Interval.swift */,
				B915DC4E2BB479180018E812 /* Constants.swift */,
				B9DE5B7E2BC6E7740017ACF4 /* AmountPrefix.swift */,
			);
			path = Data;
			sourceTree = "<group>";
		};
		B919B4A32BC6AAA3009B2FA4 /* Overview */ = {
			isa = PBXGroup;
			children = (
				B915DC482BB46E350018E812 /* OverviewView.swift */,
			);
			path = Overview;
			sourceTree = "<group>";
		};
		B919B4A42BC6AAAA009B2FA4 /* Expenses */ = {
			isa = PBXGroup;
			children = (
				B915DC462BB46B950018E812 /* ExpenseListView.swift */,
				B919B4A12BC6AA47009B2FA4 /* ExpenseEntryView.swift */,
			);
			path = Expenses;
			sourceTree = "<group>";
		};
		B9DAFAC82BA8AFAF000486EA = {
			isa = PBXGroup;
			children = (
				B9DAFAD32BA8AFAF000486EA /* ExpenseSense */,
				B9DAFAD22BA8AFAF000486EA /* Products */,
			);
			sourceTree = "<group>";
		};
		B9DAFAD22BA8AFAF000486EA /* Products */ = {
			isa = PBXGroup;
			children = (
				B9DAFAD12BA8AFAF000486EA /* ExpenseSense.app */,
			);
			name = Products;
			sourceTree = "<group>";
		};
		B9DAFAD32BA8AFAF000486EA /* ExpenseSense */ = {
			isa = PBXGroup;
			children = (
				B9DAFADD2BA8AFAF000486EA /* Preview Content */,
				B915DC4D2BB46EA50018E812 /* Data */,
				B915DC4C2BB46E790018E812 /* Views */,
				B9DAFAD42BA8AFAF000486EA /* ExpenseSenseApp.swift */,
				B9DAFAD62BA8AFAF000486EA /* ContentView.swift */,
				B9DAFAD82BA8AFAF000486EA /* Item.swift */,
				B9DAFADA2BA8AFAF000486EA /* Assets.xcassets */,
				B9DAFADC2BA8AFAF000486EA /* ExpenseSense.entitlements */,
			);
			path = ExpenseSense;
			sourceTree = "<group>";
		};
		B9DAFADD2BA8AFAF000486EA /* Preview Content */ = {
			isa = PBXGroup;
			children = (
				B9DAFADE2BA8AFAF000486EA /* Preview Assets.xcassets */,
			);
			path = "Preview Content";
			sourceTree = "<group>";
		};
/* End PBXGroup section */

/* Begin PBXNativeTarget section */
		B9DAFAD02BA8AFAF000486EA /* ExpenseSense */ = {
			isa = PBXNativeTarget;
			buildConfigurationList = B9DAFAE22BA8AFAF000486EA /* Build configuration list for PBXNativeTarget "ExpenseSense" */;
			buildPhases = (
				B9DAFACD2BA8AFAF000486EA /* Sources */,
				B9DAFACE2BA8AFAF000486EA /* Frameworks */,
				B9DAFACF2BA8AFAF000486EA /* Resources */,
				B919B4AB2BC6B1F5009B2FA4 /* ShellScript */,
			);
			buildRules = (
			);
			dependencies = (
			);
			name = ExpenseSense;
			packageProductDependencies = (
			);
			productName = ExpenseSense;
			productReference = B9DAFAD12BA8AFAF000486EA /* ExpenseSense.app */;
			productType = "com.apple.product-type.application";
		};
/* End PBXNativeTarget section */

/* Begin PBXProject section */
		B9DAFAC92BA8AFAF000486EA /* Project object */ = {
			isa = PBXProject;
			attributes = {
				BuildIndependentTargetsInParallel = 1;
				LastSwiftUpdateCheck = 1530;
				LastUpgradeCheck = 1530;
				TargetAttributes = {
					B9DAFAD02BA8AFAF000486EA = {
						CreatedOnToolsVersion = 15.3;
					};
				};
			};
			buildConfigurationList = B9DAFACC2BA8AFAF000486EA /* Build configuration list for PBXProject "ExpenseSense" */;
			compatibilityVersion = "Xcode 14.0";
			developmentRegion = en;
			hasScannedForEncodings = 0;
			knownRegions = (
				en,
				Base,
			);
			mainGroup = B9DAFAC82BA8AFAF000486EA;
			packageReferences = (
				B919B4A82BC6B1B2009B2FA4 /* XCRemoteSwiftPackageReference "SwiftLint" */,
			);
			productRefGroup = B9DAFAD22BA8AFAF000486EA /* Products */;
			projectDirPath = "";
			projectRoot = "";
			targets = (
				B9DAFAD02BA8AFAF000486EA /* ExpenseSense */,
			);
		};
/* End PBXProject section */

/* Begin PBXResourcesBuildPhase section */
		B9DAFACF2BA8AFAF000486EA /* Resources */ = {
			isa = PBXResourcesBuildPhase;
			buildActionMask = 2147483647;
			files = (
				B9DAFADF2BA8AFAF000486EA /* Preview Assets.xcassets in Resources */,
				B9DAFADB2BA8AFAF000486EA /* Assets.xcassets in Resources */,
			);
			runOnlyForDeploymentPostprocessing = 0;
		};
/* End PBXResourcesBuildPhase section */

/* Begin PBXShellScriptBuildPhase section */
		B919B4AB2BC6B1F5009B2FA4 /* ShellScript */ = {
			isa = PBXShellScriptBuildPhase;
			alwaysOutOfDate = 1;
			buildActionMask = 2147483647;
			files = (
			);
			inputFileListPaths = (
			);
			inputPaths = (
			);
			outputFileListPaths = (
			);
			outputPaths = (
			);
			runOnlyForDeploymentPostprocessing = 0;
			shellPath = /bin/sh;
			shellScript = "if [[ \"$(uname -m)\" == arm64 ]]; then\n    export PATH=\"/opt/homebrew/bin:$PATH\"\nfi\n\nif which swiftlint > /dev/null; then\n  swiftlint\nelse\n  echo \"warning: SwiftLint not installed, download from https://github.com/realm/SwiftLint\"\nfi\n";
		};
/* End PBXShellScriptBuildPhase section */

/* Begin PBXSourcesBuildPhase section */
		B9DAFACD2BA8AFAF000486EA /* Sources */ = {
			isa = PBXSourcesBuildPhase;
			buildActionMask = 2147483647;
			files = (
				B915DC452BB4644A0018E812 /* Interval.swift in Sources */,
				B915DC472BB46B950018E812 /* ExpenseListView.swift in Sources */,
				B9DAFAD72BA8AFAF000486EA /* ContentView.swift in Sources */,
				B9DAFAD92BA8AFAF000486EA /* Item.swift in Sources */,
				B9DAFAD52BA8AFAF000486EA /* ExpenseSenseApp.swift in Sources */,
				B9DE5B7F2BC6E7740017ACF4 /* AmountPrefix.swift in Sources */,
				B915DC412BB459260018E812 /* ExpenseEntry.swift in Sources */,
				B915DC492BB46E350018E812 /* OverviewView.swift in Sources */,
				B919B4A22BC6AA47009B2FA4 /* ExpenseEntryView.swift in Sources */,
				B915DC4F2BB479190018E812 /* Constants.swift in Sources */,
			);
			runOnlyForDeploymentPostprocessing = 0;
		};
/* End PBXSourcesBuildPhase section */

/* Begin XCBuildConfiguration section */
		B9DAFAE02BA8AFAF000486EA /* Debug */ = {
			isa = XCBuildConfiguration;
			buildSettings = {
				ALWAYS_SEARCH_USER_PATHS = NO;
				ASSETCATALOG_COMPILER_GENERATE_SWIFT_ASSET_SYMBOL_EXTENSIONS = YES;
				CLANG_ANALYZER_NONNULL = YES;
				CLANG_ANALYZER_NUMBER_OBJECT_CONVERSION = YES_AGGRESSIVE;
				CLANG_CXX_LANGUAGE_STANDARD = "gnu++20";
				CLANG_ENABLE_MODULES = YES;
				CLANG_ENABLE_OBJC_ARC = YES;
				CLANG_ENABLE_OBJC_WEAK = YES;
				CLANG_WARN_BLOCK_CAPTURE_AUTORELEASING = YES;
				CLANG_WARN_BOOL_CONVERSION = YES;
				CLANG_WARN_COMMA = YES;
				CLANG_WARN_CONSTANT_CONVERSION = YES;
				CLANG_WARN_DEPRECATED_OBJC_IMPLEMENTATIONS = YES;
				CLANG_WARN_DIRECT_OBJC_ISA_USAGE = YES_ERROR;
				CLANG_WARN_DOCUMENTATION_COMMENTS = YES;
				CLANG_WARN_EMPTY_BODY = YES;
				CLANG_WARN_ENUM_CONVERSION = YES;
				CLANG_WARN_INFINITE_RECURSION = YES;
				CLANG_WARN_INT_CONVERSION = YES;
				CLANG_WARN_NON_LITERAL_NULL_CONVERSION = YES;
				CLANG_WARN_OBJC_IMPLICIT_RETAIN_SELF = YES;
				CLANG_WARN_OBJC_LITERAL_CONVERSION = YES;
				CLANG_WARN_OBJC_ROOT_CLASS = YES_ERROR;
				CLANG_WARN_QUOTED_INCLUDE_IN_FRAMEWORK_HEADER = YES;
				CLANG_WARN_RANGE_LOOP_ANALYSIS = YES;
				CLANG_WARN_STRICT_PROTOTYPES = YES;
				CLANG_WARN_SUSPICIOUS_MOVE = YES;
				CLANG_WARN_UNGUARDED_AVAILABILITY = YES_AGGRESSIVE;
				CLANG_WARN_UNREACHABLE_CODE = YES;
				CLANG_WARN__DUPLICATE_METHOD_MATCH = YES;
				COPY_PHASE_STRIP = NO;
				DEBUG_INFORMATION_FORMAT = dwarf;
				ENABLE_STRICT_OBJC_MSGSEND = YES;
				ENABLE_TESTABILITY = YES;
				ENABLE_USER_SCRIPT_SANDBOXING = YES;
				GCC_C_LANGUAGE_STANDARD = gnu17;
				GCC_DYNAMIC_NO_PIC = NO;
				GCC_NO_COMMON_BLOCKS = YES;
				GCC_OPTIMIZATION_LEVEL = 0;
				GCC_PREPROCESSOR_DEFINITIONS = (
					"DEBUG=1",
					"$(inherited)",
				);
				GCC_WARN_64_TO_32_BIT_CONVERSION = YES;
				GCC_WARN_ABOUT_RETURN_TYPE = YES_ERROR;
				GCC_WARN_UNDECLARED_SELECTOR = YES;
				GCC_WARN_UNINITIALIZED_AUTOS = YES_AGGRESSIVE;
				GCC_WARN_UNUSED_FUNCTION = YES;
				GCC_WARN_UNUSED_VARIABLE = YES;
				LOCALIZATION_PREFERS_STRING_CATALOGS = YES;
				MTL_ENABLE_DEBUG_INFO = INCLUDE_SOURCE;
				MTL_FAST_MATH = YES;
				ONLY_ACTIVE_ARCH = YES;
				SWIFT_ACTIVE_COMPILATION_CONDITIONS = "DEBUG $(inherited)";
				SWIFT_OPTIMIZATION_LEVEL = "-Onone";
			};
			name = Debug;
		};
		B9DAFAE12BA8AFAF000486EA /* Release */ = {
			isa = XCBuildConfiguration;
			buildSettings = {
				ALWAYS_SEARCH_USER_PATHS = NO;
				ASSETCATALOG_COMPILER_GENERATE_SWIFT_ASSET_SYMBOL_EXTENSIONS = YES;
				CLANG_ANALYZER_NONNULL = YES;
				CLANG_ANALYZER_NUMBER_OBJECT_CONVERSION = YES_AGGRESSIVE;
				CLANG_CXX_LANGUAGE_STANDARD = "gnu++20";
				CLANG_ENABLE_MODULES = YES;
				CLANG_ENABLE_OBJC_ARC = YES;
				CLANG_ENABLE_OBJC_WEAK = YES;
				CLANG_WARN_BLOCK_CAPTURE_AUTORELEASING = YES;
				CLANG_WARN_BOOL_CONVERSION = YES;
				CLANG_WARN_COMMA = YES;
				CLANG_WARN_CONSTANT_CONVERSION = YES;
				CLANG_WARN_DEPRECATED_OBJC_IMPLEMENTATIONS = YES;
				CLANG_WARN_DIRECT_OBJC_ISA_USAGE = YES_ERROR;
				CLANG_WARN_DOCUMENTATION_COMMENTS = YES;
				CLANG_WARN_EMPTY_BODY = YES;
				CLANG_WARN_ENUM_CONVERSION = YES;
				CLANG_WARN_INFINITE_RECURSION = YES;
				CLANG_WARN_INT_CONVERSION = YES;
				CLANG_WARN_NON_LITERAL_NULL_CONVERSION = YES;
				CLANG_WARN_OBJC_IMPLICIT_RETAIN_SELF = YES;
				CLANG_WARN_OBJC_LITERAL_CONVERSION = YES;
				CLANG_WARN_OBJC_ROOT_CLASS = YES_ERROR;
				CLANG_WARN_QUOTED_INCLUDE_IN_FRAMEWORK_HEADER = YES;
				CLANG_WARN_RANGE_LOOP_ANALYSIS = YES;
				CLANG_WARN_STRICT_PROTOTYPES = YES;
				CLANG_WARN_SUSPICIOUS_MOVE = YES;
				CLANG_WARN_UNGUARDED_AVAILABILITY = YES_AGGRESSIVE;
				CLANG_WARN_UNREACHABLE_CODE = YES;
				CLANG_WARN__DUPLICATE_METHOD_MATCH = YES;
				COPY_PHASE_STRIP = NO;
				DEBUG_INFORMATION_FORMAT = "dwarf-with-dsym";
				ENABLE_NS_ASSERTIONS = NO;
				ENABLE_STRICT_OBJC_MSGSEND = YES;
				ENABLE_USER_SCRIPT_SANDBOXING = YES;
				GCC_C_LANGUAGE_STANDARD = gnu17;
				GCC_NO_COMMON_BLOCKS = YES;
				GCC_WARN_64_TO_32_BIT_CONVERSION = YES;
				GCC_WARN_ABOUT_RETURN_TYPE = YES_ERROR;
				GCC_WARN_UNDECLARED_SELECTOR = YES;
				GCC_WARN_UNINITIALIZED_AUTOS = YES_AGGRESSIVE;
				GCC_WARN_UNUSED_FUNCTION = YES;
				GCC_WARN_UNUSED_VARIABLE = YES;
				LOCALIZATION_PREFERS_STRING_CATALOGS = YES;
				MTL_ENABLE_DEBUG_INFO = NO;
				MTL_FAST_MATH = YES;
				SWIFT_COMPILATION_MODE = wholemodule;
			};
			name = Release;
		};
		B9DAFAE32BA8AFAF000486EA /* Debug */ = {
			isa = XCBuildConfiguration;
			buildSettings = {
				ASSETCATALOG_COMPILER_APPICON_NAME = AppIcon;
				ASSETCATALOG_COMPILER_GLOBAL_ACCENT_COLOR_NAME = AccentColor;
				CODE_SIGN_ENTITLEMENTS = ExpenseSense/ExpenseSense.entitlements;
				CODE_SIGN_STYLE = Automatic;
				CURRENT_PROJECT_VERSION = 1;
				DEVELOPMENT_ASSET_PATHS = "\"ExpenseSense/Preview Content\"";
				DEVELOPMENT_TEAM = 5LGL268AY8;
				ENABLE_HARDENED_RUNTIME = YES;
				ENABLE_PREVIEWS = YES;
				ENABLE_USER_SCRIPT_SANDBOXING = NO;
				GENERATE_INFOPLIST_FILE = YES;
				INFOPLIST_KEY_CFBundleDisplayName = ExpenseSense;
				INFOPLIST_KEY_LSApplicationCategoryType = "public.app-category.finance";
				"INFOPLIST_KEY_UIApplicationSceneManifest_Generation[sdk=iphoneos*]" = YES;
				"INFOPLIST_KEY_UIApplicationSceneManifest_Generation[sdk=iphonesimulator*]" = YES;
				"INFOPLIST_KEY_UIApplicationSupportsIndirectInputEvents[sdk=iphoneos*]" = YES;
				"INFOPLIST_KEY_UIApplicationSupportsIndirectInputEvents[sdk=iphonesimulator*]" = YES;
				"INFOPLIST_KEY_UILaunchScreen_Generation[sdk=iphoneos*]" = YES;
				"INFOPLIST_KEY_UILaunchScreen_Generation[sdk=iphonesimulator*]" = YES;
				"INFOPLIST_KEY_UIStatusBarStyle[sdk=iphoneos*]" = UIStatusBarStyleDefault;
				"INFOPLIST_KEY_UIStatusBarStyle[sdk=iphonesimulator*]" = UIStatusBarStyleDefault;
				INFOPLIST_KEY_UISupportedInterfaceOrientations_iPad = "UIInterfaceOrientationPortrait UIInterfaceOrientationPortraitUpsideDown UIInterfaceOrientationLandscapeLeft UIInterfaceOrientationLandscapeRight";
				INFOPLIST_KEY_UISupportedInterfaceOrientations_iPhone = "UIInterfaceOrientationPortrait UIInterfaceOrientationLandscapeLeft UIInterfaceOrientationLandscapeRight";
				IPHONEOS_DEPLOYMENT_TARGET = 17.4;
				LD_RUNPATH_SEARCH_PATHS = "@executable_path/Frameworks";
				"LD_RUNPATH_SEARCH_PATHS[sdk=macosx*]" = "@executable_path/../Frameworks";
				MACOSX_DEPLOYMENT_TARGET = 14.4;
				MARKETING_VERSION = 1.0;
				PRODUCT_BUNDLE_IDENTIFIER = com.chill.ExpenseSense;
				PRODUCT_NAME = "$(TARGET_NAME)";
				SDKROOT = auto;
				SUPPORTED_PLATFORMS = "iphoneos iphonesimulator macosx";
				SUPPORTS_MACCATALYST = NO;
				SWIFT_EMIT_LOC_STRINGS = YES;
				SWIFT_VERSION = 5.0;
				TARGETED_DEVICE_FAMILY = 1;
			};
			name = Debug;
		};
		B9DAFAE42BA8AFAF000486EA /* Release */ = {
			isa = XCBuildConfiguration;
			buildSettings = {
				ASSETCATALOG_COMPILER_APPICON_NAME = AppIcon;
				ASSETCATALOG_COMPILER_GLOBAL_ACCENT_COLOR_NAME = AccentColor;
				CODE_SIGN_ENTITLEMENTS = ExpenseSense/ExpenseSense.entitlements;
				CODE_SIGN_STYLE = Automatic;
				CURRENT_PROJECT_VERSION = 1;
				DEVELOPMENT_ASSET_PATHS = "\"ExpenseSense/Preview Content\"";
				DEVELOPMENT_TEAM = 5LGL268AY8;
				ENABLE_HARDENED_RUNTIME = YES;
				ENABLE_PREVIEWS = YES;
				ENABLE_USER_SCRIPT_SANDBOXING = NO;
				GENERATE_INFOPLIST_FILE = YES;
				INFOPLIST_KEY_CFBundleDisplayName = ExpenseSense;
				INFOPLIST_KEY_LSApplicationCategoryType = "public.app-category.finance";
				"INFOPLIST_KEY_UIApplicationSceneManifest_Generation[sdk=iphoneos*]" = YES;
				"INFOPLIST_KEY_UIApplicationSceneManifest_Generation[sdk=iphonesimulator*]" = YES;
				"INFOPLIST_KEY_UIApplicationSupportsIndirectInputEvents[sdk=iphoneos*]" = YES;
				"INFOPLIST_KEY_UIApplicationSupportsIndirectInputEvents[sdk=iphonesimulator*]" = YES;
				"INFOPLIST_KEY_UILaunchScreen_Generation[sdk=iphoneos*]" = YES;
				"INFOPLIST_KEY_UILaunchScreen_Generation[sdk=iphonesimulator*]" = YES;
				"INFOPLIST_KEY_UIStatusBarStyle[sdk=iphoneos*]" = UIStatusBarStyleDefault;
				"INFOPLIST_KEY_UIStatusBarStyle[sdk=iphonesimulator*]" = UIStatusBarStyleDefault;
				INFOPLIST_KEY_UISupportedInterfaceOrientations_iPad = "UIInterfaceOrientationPortrait UIInterfaceOrientationPortraitUpsideDown UIInterfaceOrientationLandscapeLeft UIInterfaceOrientationLandscapeRight";
				INFOPLIST_KEY_UISupportedInterfaceOrientations_iPhone = "UIInterfaceOrientationPortrait UIInterfaceOrientationLandscapeLeft UIInterfaceOrientationLandscapeRight";
				IPHONEOS_DEPLOYMENT_TARGET = 17.4;
				LD_RUNPATH_SEARCH_PATHS = "@executable_path/Frameworks";
				"LD_RUNPATH_SEARCH_PATHS[sdk=macosx*]" = "@executable_path/../Frameworks";
				MACOSX_DEPLOYMENT_TARGET = 14.4;
				MARKETING_VERSION = 1.0;
				PRODUCT_BUNDLE_IDENTIFIER = com.chill.ExpenseSense;
				PRODUCT_NAME = "$(TARGET_NAME)";
				SDKROOT = auto;
				SUPPORTED_PLATFORMS = "iphoneos iphonesimulator macosx";
				SUPPORTS_MACCATALYST = NO;
				SWIFT_EMIT_LOC_STRINGS = YES;
				SWIFT_VERSION = 5.0;
				TARGETED_DEVICE_FAMILY = 1;
			};
			name = Release;
		};
/* End XCBuildConfiguration section */

/* Begin XCConfigurationList section */
		B9DAFACC2BA8AFAF000486EA /* Build configuration list for PBXProject "ExpenseSense" */ = {
			isa = XCConfigurationList;
			buildConfigurations = (
				B9DAFAE02BA8AFAF000486EA /* Debug */,
				B9DAFAE12BA8AFAF000486EA /* Release */,
			);
			defaultConfigurationIsVisible = 0;
			defaultConfigurationName = Release;
		};
		B9DAFAE22BA8AFAF000486EA /* Build configuration list for PBXNativeTarget "ExpenseSense" */ = {
			isa = XCConfigurationList;
			buildConfigurations = (
				B9DAFAE32BA8AFAF000486EA /* Debug */,
				B9DAFAE42BA8AFAF000486EA /* Release */,
			);
			defaultConfigurationIsVisible = 0;
			defaultConfigurationName = Release;
		};
/* End XCConfigurationList section */

/* Begin XCRemoteSwiftPackageReference section */
		B919B4A82BC6B1B2009B2FA4 /* XCRemoteSwiftPackageReference "SwiftLint" */ = {
			isa = XCRemoteSwiftPackageReference;
			repositoryURL = "https://github.com/realm/SwiftLint.git";
			requirement = {
				kind = upToNextMajorVersion;
				minimumVersion = 0.54.0;
			};
		};
/* End XCRemoteSwiftPackageReference section */
	};
	rootObject = B9DAFAC92BA8AFAF000486EA /* Project object */;
}
